
Microsoft Visual Studio Solution File, Format Version 12.00
# Visual Studio Version 17
VisualStudioVersion = 17.0.31903.59
MinimumVisualStudioVersion = 10.0.40219.1
Project("{2150E333-8FDC-42A3-9474-1A3956D46DE8}") = "Portable", "Portable", "{955B2011-13A4-7B01-12D5-DA05E5CA489E}"
EndProject
Project("{2150E333-8FDC-42A3-9474-1A3956D46DE8}") = "Shell", "Shell", "{86FA87A4-554D-7FD3-E7FA-07CF08F2607B}"
EndProject
Project("{FAE04EC0-301F-11D3-BF4B-00C04F79EFBC}") = "Cortex", "Cortex\Cortex.csproj", "{D982DFB0-FEA1-4DC8-A001-35F5181F212A}"
EndProject
Project("{FAE04EC0-301F-11D3-BF4B-00C04F79EFBC}") = "Cortex.Shell.Unity.Imgui", "Cortex.Shell.Unity.Imgui\Cortex.Shell.Unity.Imgui.csproj", "{6CB42E40-4058-4A0D-BEFA-F117F8F0F5D3}"
EndProject
Project("{2150E333-8FDC-42A3-9474-1A3956D46DE8}") = "Libraries", "Libraries", "{E66E5429-9C06-480C-1490-3AE9C343C7B4}"
EndProject
Project("{FAE04EC0-301F-11D3-BF4B-00C04F79EFBC}") = "Cortex.Core", "Cortex.Core\Cortex.Core.csproj", "{A5F28666-878B-4C48-A7DA-4A19BFC79F02}"
EndProject
Project("{2150E333-8FDC-42A3-9474-1A3956D46DE8}") = "Presentation", "Presentation", "{C9B4455E-B953-D43C-1306-8F6858A8729B}"
EndProject
Project("{FAE04EC0-301F-11D3-BF4B-00C04F79EFBC}") = "Cortex.Presentation", "Cortex.Presentation\Cortex.Presentation.csproj", "{ADAEC1F0-6882-42D6-9016-E79C9EBA1605}"
EndProject
Project("{2150E333-8FDC-42A3-9474-1A3956D46DE8}") = "Rendering", "Rendering", "{ECA9F4AD-77F7-253B-20D4-45A77E590D54}"
EndProject
Project("{FAE04EC0-301F-11D3-BF4B-00C04F79EFBC}") = "Cortex.Rendering", "Cortex.Rendering\Cortex.Rendering.csproj", "{5B4B178C-9BB0-4297-A07A-5C69FA861A26}"
EndProject
Project("{FAE04EC0-301F-11D3-BF4B-00C04F79EFBC}") = "Cortex.Rendering.RuntimeUi", "Cortex.Rendering.RuntimeUi\Cortex.Rendering.RuntimeUi.csproj", "{8F6A2F38-54DF-4B49-8FC4-7F909D1AF6D3}"
EndProject
Project("{2150E333-8FDC-42A3-9474-1A3956D46DE8}") = "Renderers", "Renderers", "{D459D5A1-8460-2948-B6C6-81F3C1216BDB}"
EndProject
Project("{FAE04EC0-301F-11D3-BF4B-00C04F79EFBC}") = "Cortex.Renderers.Imgui", "Cortex.Renderers.Imgui\Cortex.Renderers.Imgui.csproj", "{4D1B939A-3C10-4A7B-B6C4-259D50848A5A}"
EndProject
Project("{2150E333-8FDC-42A3-9474-1A3956D46DE8}") = "Host.Sheltered", "Host.Sheltered", "{B9F3EFD9-8792-DBB5-53D5-5D013E0311F9}"
EndProject
Project("{FAE04EC0-301F-11D3-BF4B-00C04F79EFBC}") = "Cortex.Host.Sheltered", "Cortex.Host.Sheltered\Cortex.Host.Sheltered.csproj", "{748B7F6E-D557-48FA-B393-6374A7582255}"
EndProject
Project("{FAE04EC0-301F-11D3-BF4B-00C04F79EFBC}") = "Cortex.Host.Unity", "Cortex.Host.Unity\Cortex.Host.Unity.csproj", "{7A570620-E51D-499E-A28E-13A1D8156417}"
EndProject
Project("{FAE04EC0-301F-11D3-BF4B-00C04F79EFBC}") = "Cortex.PathPicker.Host", "Cortex.PathPicker.Host\Cortex.PathPicker.Host.csproj", "{965B8EDA-6B2E-46A6-BDB4-EFB7851B8FFF}"
EndProject
Project("{2150E333-8FDC-42A3-9474-1A3956D46DE8}") = "Platform", "Platform", "{5A426A6F-C819-4655-893C-5A53BEF192EF}"
EndProject
Project("{FAE04EC0-301F-11D3-BF4B-00C04F79EFBC}") = "Cortex.Platform.ModAPI", "Cortex.Platform.ModAPI\Cortex.Platform.ModAPI.csproj", "{2343835F-8DA6-4CAB-B5A9-D86C83A9A40D}"
EndProject
Project("{2150E333-8FDC-42A3-9474-1A3956D46DE8}") = "Extensibility", "Extensibility", "{401E6CF6-6FDB-819D-B348-2A4162B7B24D}"
EndProject
Project("{2150E333-8FDC-42A3-9474-1A3956D46DE8}") = "AI", "AI", "{10DABDE7-75F0-47A3-8BB0-473F3B146A61}"
EndProject
Project("{FAE04EC0-301F-11D3-BF4B-00C04F79EFBC}") = "Cortex.Plugins.Abstractions", "Cortex.Plugins.Abstractions\Cortex.Plugins.Abstractions.csproj", "{638F6D72-7BC0-4235-A3E4-A6C5B4CBA4A1}"
EndProject
Project("{FAE04EC0-301F-11D3-BF4B-00C04F79EFBC}") = "Cortex.Plugin.Harmony", "Cortex.Plugin.Harmony\Cortex.Plugin.Harmony.csproj", "{5A6E9E3A-0E10-4F09-A3FD-9B7C0D61A2A7}"
EndProject
Project("{FAE04EC0-301F-11D3-BF4B-00C04F79EFBC}") = "Cortex.CompletionProviders", "Cortex.CompletionProviders\Cortex.CompletionProviders.csproj", "{14738F9A-BE56-4675-B1B4-78A4EF833586}"
EndProject
Project("{FAE04EC0-301F-11D3-BF4B-00C04F79EFBC}") = "Cortex.Tabby", "Cortex.Tabby\Cortex.Tabby.csproj", "{2D5CBDB7-6EAA-4F2B-980D-1C2AF55E6B11}"
EndProject
Project("{FAE04EC0-301F-11D3-BF4B-00C04F79EFBC}") = "Cortex.Ollama", "Cortex.Ollama\Cortex.Ollama.csproj", "{690D6B1B-60ED-4705-BE9A-49C81669FBE5}"
EndProject
Project("{FAE04EC0-301F-11D3-BF4B-00C04F79EFBC}") = "Cortex.OpenRouter", "Cortex.OpenRouter\Cortex.OpenRouter.csproj", "{8EBAF74A-D929-403C-9564-B4CDA6123372}"
EndProject
Project("{FAE04EC0-301F-11D3-BF4B-00C04F79EFBC}") = "Cortex.Roslyn.Worker", "Cortex.Roslyn.Worker\Cortex.Roslyn.Worker.csproj", "{D0D5FEE2-4679-4C00-BAA0-D8915C484AEF}"
EndProject
Project("{FAE04EC0-301F-11D3-BF4B-00C04F79EFBC}") = "Cortex.Tabby.Server", "Cortex.Tabby.Server\Cortex.Tabby.Server.csproj", "{50F735FB-8631-44A0-BBC4-81631F4DCD2A}"
EndProject
Project("{2150E333-8FDC-42A3-9474-1A3956D46DE8}") = "Tooling", "Tooling", "{6D3901D8-58B2-4BCE-9CB0-2E20E9B4D1A1}"
EndProject
Project("{2150E333-8FDC-42A3-9474-1A3956D46DE8}") = "Tests", "Tests", "{0AB3BF05-4346-4AA6-1389-037BE0695223}"
EndProject
Project("{FAE04EC0-301F-11D3-BF4B-00C04F79EFBC}") = "Cortex.Tests", "Cortex.Tests\Cortex.Tests.csproj", "{01C04962-38AE-43FE-8F0B-6CF69EE6B0BF}"
EndProject
Project("{FAE04EC0-301F-11D3-BF4B-00C04F79EFBC}") = "Cortex.Roslyn.Worker.Tests", "Cortex.Roslyn.Worker.Tests\Cortex.Roslyn.Worker.Tests.csproj", "{8FA6C5EE-904B-4E7C-A438-E39CC7E62A17}"
EndProject
Global
	GlobalSection(SolutionConfigurationPlatforms) = preSolution
		Debug|Any CPU = Debug|Any CPU
		Debug|x64 = Debug|x64
		Debug|x86 = Debug|x86
		Release|Any CPU = Release|Any CPU
		Release|x64 = Release|x64
		Release|x86 = Release|x86
	EndGlobalSection
	GlobalSection(ProjectConfigurationPlatforms) = postSolution
		{D982DFB0-FEA1-4DC8-A001-35F5181F212A}.Debug|Any CPU.ActiveCfg = Debug|Any CPU
		{D982DFB0-FEA1-4DC8-A001-35F5181F212A}.Debug|Any CPU.Build.0 = Debug|Any CPU
		{D982DFB0-FEA1-4DC8-A001-35F5181F212A}.Debug|x64.ActiveCfg = Debug|Any CPU
		{D982DFB0-FEA1-4DC8-A001-35F5181F212A}.Debug|x64.Build.0 = Debug|Any CPU
		{D982DFB0-FEA1-4DC8-A001-35F5181F212A}.Debug|x86.ActiveCfg = Debug|Any CPU
		{D982DFB0-FEA1-4DC8-A001-35F5181F212A}.Debug|x86.Build.0 = Debug|Any CPU
		{D982DFB0-FEA1-4DC8-A001-35F5181F212A}.Release|Any CPU.ActiveCfg = Release|Any CPU
		{D982DFB0-FEA1-4DC8-A001-35F5181F212A}.Release|Any CPU.Build.0 = Release|Any CPU
		{D982DFB0-FEA1-4DC8-A001-35F5181F212A}.Release|x64.ActiveCfg = Release|Any CPU
		{D982DFB0-FEA1-4DC8-A001-35F5181F212A}.Release|x64.Build.0 = Release|Any CPU
		{D982DFB0-FEA1-4DC8-A001-35F5181F212A}.Release|x86.ActiveCfg = Release|Any CPU
		{D982DFB0-FEA1-4DC8-A001-35F5181F212A}.Release|x86.Build.0 = Release|Any CPU
		{6CB42E40-4058-4A0D-BEFA-F117F8F0F5D3}.Debug|Any CPU.ActiveCfg = Debug|Any CPU
		{6CB42E40-4058-4A0D-BEFA-F117F8F0F5D3}.Debug|Any CPU.Build.0 = Debug|Any CPU
		{6CB42E40-4058-4A0D-BEFA-F117F8F0F5D3}.Debug|x64.ActiveCfg = Debug|Any CPU
		{6CB42E40-4058-4A0D-BEFA-F117F8F0F5D3}.Debug|x64.Build.0 = Debug|Any CPU
		{6CB42E40-4058-4A0D-BEFA-F117F8F0F5D3}.Debug|x86.ActiveCfg = Debug|Any CPU
		{6CB42E40-4058-4A0D-BEFA-F117F8F0F5D3}.Debug|x86.Build.0 = Debug|Any CPU
		{6CB42E40-4058-4A0D-BEFA-F117F8F0F5D3}.Release|Any CPU.ActiveCfg = Release|Any CPU
		{6CB42E40-4058-4A0D-BEFA-F117F8F0F5D3}.Release|Any CPU.Build.0 = Release|Any CPU
		{6CB42E40-4058-4A0D-BEFA-F117F8F0F5D3}.Release|x64.ActiveCfg = Release|Any CPU
		{6CB42E40-4058-4A0D-BEFA-F117F8F0F5D3}.Release|x64.Build.0 = Release|Any CPU
		{6CB42E40-4058-4A0D-BEFA-F117F8F0F5D3}.Release|x86.ActiveCfg = Release|Any CPU
		{6CB42E40-4058-4A0D-BEFA-F117F8F0F5D3}.Release|x86.Build.0 = Release|Any CPU
		{A5F28666-878B-4C48-A7DA-4A19BFC79F02}.Debug|Any CPU.ActiveCfg = Debug|Any CPU
		{A5F28666-878B-4C48-A7DA-4A19BFC79F02}.Debug|Any CPU.Build.0 = Debug|Any CPU
		{A5F28666-878B-4C48-A7DA-4A19BFC79F02}.Debug|x64.ActiveCfg = Debug|Any CPU
		{A5F28666-878B-4C48-A7DA-4A19BFC79F02}.Debug|x64.Build.0 = Debug|Any CPU
		{A5F28666-878B-4C48-A7DA-4A19BFC79F02}.Debug|x86.ActiveCfg = Debug|Any CPU
		{A5F28666-878B-4C48-A7DA-4A19BFC79F02}.Debug|x86.Build.0 = Debug|Any CPU
		{A5F28666-878B-4C48-A7DA-4A19BFC79F02}.Release|Any CPU.ActiveCfg = Release|Any CPU
		{A5F28666-878B-4C48-A7DA-4A19BFC79F02}.Release|Any CPU.Build.0 = Release|Any CPU
		{A5F28666-878B-4C48-A7DA-4A19BFC79F02}.Release|x64.ActiveCfg = Release|Any CPU
		{A5F28666-878B-4C48-A7DA-4A19BFC79F02}.Release|x64.Build.0 = Release|Any CPU
		{A5F28666-878B-4C48-A7DA-4A19BFC79F02}.Release|x86.ActiveCfg = Release|Any CPU
		{A5F28666-878B-4C48-A7DA-4A19BFC79F02}.Release|x86.Build.0 = Release|Any CPU
		{ADAEC1F0-6882-42D6-9016-E79C9EBA1605}.Debug|Any CPU.ActiveCfg = Debug|Any CPU
		{ADAEC1F0-6882-42D6-9016-E79C9EBA1605}.Debug|Any CPU.Build.0 = Debug|Any CPU
		{ADAEC1F0-6882-42D6-9016-E79C9EBA1605}.Debug|x64.ActiveCfg = Debug|Any CPU
		{ADAEC1F0-6882-42D6-9016-E79C9EBA1605}.Debug|x64.Build.0 = Debug|Any CPU
		{ADAEC1F0-6882-42D6-9016-E79C9EBA1605}.Debug|x86.ActiveCfg = Debug|Any CPU
		{ADAEC1F0-6882-42D6-9016-E79C9EBA1605}.Debug|x86.Build.0 = Debug|Any CPU
		{ADAEC1F0-6882-42D6-9016-E79C9EBA1605}.Release|Any CPU.ActiveCfg = Release|Any CPU
		{ADAEC1F0-6882-42D6-9016-E79C9EBA1605}.Release|Any CPU.Build.0 = Release|Any CPU
		{ADAEC1F0-6882-42D6-9016-E79C9EBA1605}.Release|x64.ActiveCfg = Release|Any CPU
		{ADAEC1F0-6882-42D6-9016-E79C9EBA1605}.Release|x64.Build.0 = Release|Any CPU
		{ADAEC1F0-6882-42D6-9016-E79C9EBA1605}.Release|x86.ActiveCfg = Release|Any CPU
		{ADAEC1F0-6882-42D6-9016-E79C9EBA1605}.Release|x86.Build.0 = Release|Any CPU
		{5B4B178C-9BB0-4297-A07A-5C69FA861A26}.Debug|Any CPU.ActiveCfg = Debug|Any CPU
		{5B4B178C-9BB0-4297-A07A-5C69FA861A26}.Debug|Any CPU.Build.0 = Debug|Any CPU
		{5B4B178C-9BB0-4297-A07A-5C69FA861A26}.Debug|x64.ActiveCfg = Debug|Any CPU
		{5B4B178C-9BB0-4297-A07A-5C69FA861A26}.Debug|x64.Build.0 = Debug|Any CPU
		{5B4B178C-9BB0-4297-A07A-5C69FA861A26}.Debug|x86.ActiveCfg = Debug|Any CPU
		{5B4B178C-9BB0-4297-A07A-5C69FA861A26}.Debug|x86.Build.0 = Debug|Any CPU
		{5B4B178C-9BB0-4297-A07A-5C69FA861A26}.Release|Any CPU.ActiveCfg = Release|Any CPU
		{5B4B178C-9BB0-4297-A07A-5C69FA861A26}.Release|Any CPU.Build.0 = Release|Any CPU
		{5B4B178C-9BB0-4297-A07A-5C69FA861A26}.Release|x64.ActiveCfg = Release|Any CPU
		{5B4B178C-9BB0-4297-A07A-5C69FA861A26}.Release|x64.Build.0 = Release|Any CPU
		{5B4B178C-9BB0-4297-A07A-5C69FA861A26}.Release|x86.ActiveCfg = Release|Any CPU
		{5B4B178C-9BB0-4297-A07A-5C69FA861A26}.Release|x86.Build.0 = Release|Any CPU
		{8F6A2F38-54DF-4B49-8FC4-7F909D1AF6D3}.Debug|Any CPU.ActiveCfg = Debug|Any CPU
		{8F6A2F38-54DF-4B49-8FC4-7F909D1AF6D3}.Debug|Any CPU.Build.0 = Debug|Any CPU
		{8F6A2F38-54DF-4B49-8FC4-7F909D1AF6D3}.Debug|x64.ActiveCfg = Debug|Any CPU
		{8F6A2F38-54DF-4B49-8FC4-7F909D1AF6D3}.Debug|x64.Build.0 = Debug|Any CPU
		{8F6A2F38-54DF-4B49-8FC4-7F909D1AF6D3}.Debug|x86.ActiveCfg = Debug|Any CPU
		{8F6A2F38-54DF-4B49-8FC4-7F909D1AF6D3}.Debug|x86.Build.0 = Debug|Any CPU
		{8F6A2F38-54DF-4B49-8FC4-7F909D1AF6D3}.Release|Any CPU.ActiveCfg = Release|Any CPU
		{8F6A2F38-54DF-4B49-8FC4-7F909D1AF6D3}.Release|Any CPU.Build.0 = Release|Any CPU
		{8F6A2F38-54DF-4B49-8FC4-7F909D1AF6D3}.Release|x64.ActiveCfg = Release|Any CPU
		{8F6A2F38-54DF-4B49-8FC4-7F909D1AF6D3}.Release|x64.Build.0 = Release|Any CPU
		{8F6A2F38-54DF-4B49-8FC4-7F909D1AF6D3}.Release|x86.ActiveCfg = Release|Any CPU
		{8F6A2F38-54DF-4B49-8FC4-7F909D1AF6D3}.Release|x86.Build.0 = Release|Any CPU
		{4D1B939A-3C10-4A7B-B6C4-259D50848A5A}.Debug|Any CPU.ActiveCfg = Debug|Any CPU
		{4D1B939A-3C10-4A7B-B6C4-259D50848A5A}.Debug|Any CPU.Build.0 = Debug|Any CPU
		{4D1B939A-3C10-4A7B-B6C4-259D50848A5A}.Debug|x64.ActiveCfg = Debug|Any CPU
		{4D1B939A-3C10-4A7B-B6C4-259D50848A5A}.Debug|x64.Build.0 = Debug|Any CPU
		{4D1B939A-3C10-4A7B-B6C4-259D50848A5A}.Debug|x86.ActiveCfg = Debug|Any CPU
		{4D1B939A-3C10-4A7B-B6C4-259D50848A5A}.Debug|x86.Build.0 = Debug|Any CPU
		{4D1B939A-3C10-4A7B-B6C4-259D50848A5A}.Release|Any CPU.ActiveCfg = Release|Any CPU
		{4D1B939A-3C10-4A7B-B6C4-259D50848A5A}.Release|Any CPU.Build.0 = Release|Any CPU
		{4D1B939A-3C10-4A7B-B6C4-259D50848A5A}.Release|x64.ActiveCfg = Release|Any CPU
		{4D1B939A-3C10-4A7B-B6C4-259D50848A5A}.Release|x64.Build.0 = Release|Any CPU
		{4D1B939A-3C10-4A7B-B6C4-259D50848A5A}.Release|x86.ActiveCfg = Release|Any CPU
		{4D1B939A-3C10-4A7B-B6C4-259D50848A5A}.Release|x86.Build.0 = Release|Any CPU
		{748B7F6E-D557-48FA-B393-6374A7582255}.Debug|Any CPU.ActiveCfg = Debug|Any CPU
		{748B7F6E-D557-48FA-B393-6374A7582255}.Debug|Any CPU.Build.0 = Debug|Any CPU
		{748B7F6E-D557-48FA-B393-6374A7582255}.Debug|x64.ActiveCfg = Debug|Any CPU
		{748B7F6E-D557-48FA-B393-6374A7582255}.Debug|x64.Build.0 = Debug|Any CPU
		{748B7F6E-D557-48FA-B393-6374A7582255}.Debug|x86.ActiveCfg = Debug|Any CPU
		{748B7F6E-D557-48FA-B393-6374A7582255}.Debug|x86.Build.0 = Debug|Any CPU
		{748B7F6E-D557-48FA-B393-6374A7582255}.Release|Any CPU.ActiveCfg = Release|Any CPU
		{748B7F6E-D557-48FA-B393-6374A7582255}.Release|Any CPU.Build.0 = Release|Any CPU
		{748B7F6E-D557-48FA-B393-6374A7582255}.Release|x64.ActiveCfg = Release|Any CPU
		{748B7F6E-D557-48FA-B393-6374A7582255}.Release|x64.Build.0 = Release|Any CPU
		{748B7F6E-D557-48FA-B393-6374A7582255}.Release|x86.ActiveCfg = Release|Any CPU
		{748B7F6E-D557-48FA-B393-6374A7582255}.Release|x86.Build.0 = Release|Any CPU
		{7A570620-E51D-499E-A28E-13A1D8156417}.Debug|Any CPU.ActiveCfg = Debug|Any CPU
		{7A570620-E51D-499E-A28E-13A1D8156417}.Debug|Any CPU.Build.0 = Debug|Any CPU
		{7A570620-E51D-499E-A28E-13A1D8156417}.Debug|x64.ActiveCfg = Debug|Any CPU
		{7A570620-E51D-499E-A28E-13A1D8156417}.Debug|x64.Build.0 = Debug|Any CPU
		{7A570620-E51D-499E-A28E-13A1D8156417}.Debug|x86.ActiveCfg = Debug|Any CPU
		{7A570620-E51D-499E-A28E-13A1D8156417}.Debug|x86.Build.0 = Debug|Any CPU
		{7A570620-E51D-499E-A28E-13A1D8156417}.Release|Any CPU.ActiveCfg = Release|Any CPU
		{7A570620-E51D-499E-A28E-13A1D8156417}.Release|Any CPU.Build.0 = Release|Any CPU
		{7A570620-E51D-499E-A28E-13A1D8156417}.Release|x64.ActiveCfg = Release|Any CPU
		{7A570620-E51D-499E-A28E-13A1D8156417}.Release|x64.Build.0 = Release|Any CPU
		{7A570620-E51D-499E-A28E-13A1D8156417}.Release|x86.ActiveCfg = Release|Any CPU
		{7A570620-E51D-499E-A28E-13A1D8156417}.Release|x86.Build.0 = Release|Any CPU
		{965B8EDA-6B2E-46A6-BDB4-EFB7851B8FFF}.Debug|Any CPU.ActiveCfg = Debug|Any CPU
		{965B8EDA-6B2E-46A6-BDB4-EFB7851B8FFF}.Debug|Any CPU.Build.0 = Debug|Any CPU
		{965B8EDA-6B2E-46A6-BDB4-EFB7851B8FFF}.Debug|x64.ActiveCfg = Debug|Any CPU
		{965B8EDA-6B2E-46A6-BDB4-EFB7851B8FFF}.Debug|x64.Build.0 = Debug|Any CPU
		{965B8EDA-6B2E-46A6-BDB4-EFB7851B8FFF}.Debug|x86.ActiveCfg = Debug|Any CPU
		{965B8EDA-6B2E-46A6-BDB4-EFB7851B8FFF}.Debug|x86.Build.0 = Debug|Any CPU
		{965B8EDA-6B2E-46A6-BDB4-EFB7851B8FFF}.Release|Any CPU.ActiveCfg = Release|Any CPU
		{965B8EDA-6B2E-46A6-BDB4-EFB7851B8FFF}.Release|Any CPU.Build.0 = Release|Any CPU
		{965B8EDA-6B2E-46A6-BDB4-EFB7851B8FFF}.Release|x64.ActiveCfg = Release|Any CPU
		{965B8EDA-6B2E-46A6-BDB4-EFB7851B8FFF}.Release|x64.Build.0 = Release|Any CPU
		{965B8EDA-6B2E-46A6-BDB4-EFB7851B8FFF}.Release|x86.ActiveCfg = Release|Any CPU
		{965B8EDA-6B2E-46A6-BDB4-EFB7851B8FFF}.Release|x86.Build.0 = Release|Any CPU
		{2343835F-8DA6-4CAB-B5A9-D86C83A9A40D}.Debug|Any CPU.ActiveCfg = Debug|Any CPU
		{2343835F-8DA6-4CAB-B5A9-D86C83A9A40D}.Debug|Any CPU.Build.0 = Debug|Any CPU
		{2343835F-8DA6-4CAB-B5A9-D86C83A9A40D}.Debug|x64.ActiveCfg = Debug|Any CPU
		{2343835F-8DA6-4CAB-B5A9-D86C83A9A40D}.Debug|x64.Build.0 = Debug|Any CPU
		{2343835F-8DA6-4CAB-B5A9-D86C83A9A40D}.Debug|x86.ActiveCfg = Debug|Any CPU
		{2343835F-8DA6-4CAB-B5A9-D86C83A9A40D}.Debug|x86.Build.0 = Debug|Any CPU
		{2343835F-8DA6-4CAB-B5A9-D86C83A9A40D}.Release|Any CPU.ActiveCfg = Release|Any CPU
		{2343835F-8DA6-4CAB-B5A9-D86C83A9A40D}.Release|Any CPU.Build.0 = Release|Any CPU
		{2343835F-8DA6-4CAB-B5A9-D86C83A9A40D}.Release|x64.ActiveCfg = Release|Any CPU
		{2343835F-8DA6-4CAB-B5A9-D86C83A9A40D}.Release|x64.Build.0 = Release|Any CPU
		{2343835F-8DA6-4CAB-B5A9-D86C83A9A40D}.Release|x86.ActiveCfg = Release|Any CPU
		{2343835F-8DA6-4CAB-B5A9-D86C83A9A40D}.Release|x86.Build.0 = Release|Any CPU
		{638F6D72-7BC0-4235-A3E4-A6C5B4CBA4A1}.Debug|Any CPU.ActiveCfg = Debug|Any CPU
		{638F6D72-7BC0-4235-A3E4-A6C5B4CBA4A1}.Debug|Any CPU.Build.0 = Debug|Any CPU
		{638F6D72-7BC0-4235-A3E4-A6C5B4CBA4A1}.Debug|x64.ActiveCfg = Debug|Any CPU
		{638F6D72-7BC0-4235-A3E4-A6C5B4CBA4A1}.Debug|x64.Build.0 = Debug|Any CPU
		{638F6D72-7BC0-4235-A3E4-A6C5B4CBA4A1}.Debug|x86.ActiveCfg = Debug|Any CPU
		{638F6D72-7BC0-4235-A3E4-A6C5B4CBA4A1}.Debug|x86.Build.0 = Debug|Any CPU
		{638F6D72-7BC0-4235-A3E4-A6C5B4CBA4A1}.Release|Any CPU.ActiveCfg = Release|Any CPU
		{638F6D72-7BC0-4235-A3E4-A6C5B4CBA4A1}.Release|Any CPU.Build.0 = Release|Any CPU
		{638F6D72-7BC0-4235-A3E4-A6C5B4CBA4A1}.Release|x64.ActiveCfg = Release|Any CPU
		{638F6D72-7BC0-4235-A3E4-A6C5B4CBA4A1}.Release|x64.Build.0 = Release|Any CPU
		{638F6D72-7BC0-4235-A3E4-A6C5B4CBA4A1}.Release|x86.ActiveCfg = Release|Any CPU
		{638F6D72-7BC0-4235-A3E4-A6C5B4CBA4A1}.Release|x86.Build.0 = Release|Any CPU
		{5A6E9E3A-0E10-4F09-A3FD-9B7C0D61A2A7}.Debug|Any CPU.ActiveCfg = Debug|Any CPU
		{5A6E9E3A-0E10-4F09-A3FD-9B7C0D61A2A7}.Debug|Any CPU.Build.0 = Debug|Any CPU
		{5A6E9E3A-0E10-4F09-A3FD-9B7C0D61A2A7}.Debug|x64.ActiveCfg = Debug|Any CPU
		{5A6E9E3A-0E10-4F09-A3FD-9B7C0D61A2A7}.Debug|x64.Build.0 = Debug|Any CPU
		{5A6E9E3A-0E10-4F09-A3FD-9B7C0D61A2A7}.Debug|x86.ActiveCfg = Debug|Any CPU
		{5A6E9E3A-0E10-4F09-A3FD-9B7C0D61A2A7}.Debug|x86.Build.0 = Debug|Any CPU
		{5A6E9E3A-0E10-4F09-A3FD-9B7C0D61A2A7}.Release|Any CPU.ActiveCfg = Release|Any CPU
		{5A6E9E3A-0E10-4F09-A3FD-9B7C0D61A2A7}.Release|Any CPU.Build.0 = Release|Any CPU
		{5A6E9E3A-0E10-4F09-A3FD-9B7C0D61A2A7}.Release|x64.ActiveCfg = Release|Any CPU
		{5A6E9E3A-0E10-4F09-A3FD-9B7C0D61A2A7}.Release|x64.Build.0 = Release|Any CPU
		{5A6E9E3A-0E10-4F09-A3FD-9B7C0D61A2A7}.Release|x86.ActiveCfg = Release|Any CPU
		{5A6E9E3A-0E10-4F09-A3FD-9B7C0D61A2A7}.Release|x86.Build.0 = Release|Any CPU
		{14738F9A-BE56-4675-B1B4-78A4EF833586}.Debug|Any CPU.ActiveCfg = Debug|Any CPU
		{14738F9A-BE56-4675-B1B4-78A4EF833586}.Debug|Any CPU.Build.0 = Debug|Any CPU
		{14738F9A-BE56-4675-B1B4-78A4EF833586}.Debug|x64.ActiveCfg = Debug|Any CPU
		{14738F9A-BE56-4675-B1B4-78A4EF833586}.Debug|x64.Build.0 = Debug|Any CPU
		{14738F9A-BE56-4675-B1B4-78A4EF833586}.Debug|x86.ActiveCfg = Debug|Any CPU
		{14738F9A-BE56-4675-B1B4-78A4EF833586}.Debug|x86.Build.0 = Debug|Any CPU
		{14738F9A-BE56-4675-B1B4-78A4EF833586}.Release|Any CPU.ActiveCfg = Release|Any CPU
		{14738F9A-BE56-4675-B1B4-78A4EF833586}.Release|Any CPU.Build.0 = Release|Any CPU
		{14738F9A-BE56-4675-B1B4-78A4EF833586}.Release|x64.ActiveCfg = Release|Any CPU
		{14738F9A-BE56-4675-B1B4-78A4EF833586}.Release|x64.Build.0 = Release|Any CPU
		{14738F9A-BE56-4675-B1B4-78A4EF833586}.Release|x86.ActiveCfg = Release|Any CPU
		{14738F9A-BE56-4675-B1B4-78A4EF833586}.Release|x86.Build.0 = Release|Any CPU
		{2D5CBDB7-6EAA-4F2B-980D-1C2AF55E6B11}.Debug|Any CPU.ActiveCfg = Debug|Any CPU
		{2D5CBDB7-6EAA-4F2B-980D-1C2AF55E6B11}.Debug|Any CPU.Build.0 = Debug|Any CPU
		{2D5CBDB7-6EAA-4F2B-980D-1C2AF55E6B11}.Debug|x64.ActiveCfg = Debug|Any CPU
		{2D5CBDB7-6EAA-4F2B-980D-1C2AF55E6B11}.Debug|x64.Build.0 = Debug|Any CPU
		{2D5CBDB7-6EAA-4F2B-980D-1C2AF55E6B11}.Debug|x86.ActiveCfg = Debug|Any CPU
		{2D5CBDB7-6EAA-4F2B-980D-1C2AF55E6B11}.Debug|x86.Build.0 = Debug|Any CPU
		{2D5CBDB7-6EAA-4F2B-980D-1C2AF55E6B11}.Release|Any CPU.ActiveCfg = Release|Any CPU
		{2D5CBDB7-6EAA-4F2B-980D-1C2AF55E6B11}.Release|Any CPU.Build.0 = Release|Any CPU
		{2D5CBDB7-6EAA-4F2B-980D-1C2AF55E6B11}.Release|x64.ActiveCfg = Release|Any CPU
		{2D5CBDB7-6EAA-4F2B-980D-1C2AF55E6B11}.Release|x64.Build.0 = Release|Any CPU
		{2D5CBDB7-6EAA-4F2B-980D-1C2AF55E6B11}.Release|x86.ActiveCfg = Release|Any CPU
		{2D5CBDB7-6EAA-4F2B-980D-1C2AF55E6B11}.Release|x86.Build.0 = Release|Any CPU
		{690D6B1B-60ED-4705-BE9A-49C81669FBE5}.Debug|Any CPU.ActiveCfg = Debug|Any CPU
		{690D6B1B-60ED-4705-BE9A-49C81669FBE5}.Debug|Any CPU.Build.0 = Debug|Any CPU
		{690D6B1B-60ED-4705-BE9A-49C81669FBE5}.Debug|x64.ActiveCfg = Debug|Any CPU
		{690D6B1B-60ED-4705-BE9A-49C81669FBE5}.Debug|x64.Build.0 = Debug|Any CPU
		{690D6B1B-60ED-4705-BE9A-49C81669FBE5}.Debug|x86.ActiveCfg = Debug|Any CPU
		{690D6B1B-60ED-4705-BE9A-49C81669FBE5}.Debug|x86.Build.0 = Debug|Any CPU
		{690D6B1B-60ED-4705-BE9A-49C81669FBE5}.Release|Any CPU.ActiveCfg = Release|Any CPU
		{690D6B1B-60ED-4705-BE9A-49C81669FBE5}.Release|Any CPU.Build.0 = Release|Any CPU
		{690D6B1B-60ED-4705-BE9A-49C81669FBE5}.Release|x64.ActiveCfg = Release|Any CPU
		{690D6B1B-60ED-4705-BE9A-49C81669FBE5}.Release|x64.Build.0 = Release|Any CPU
		{690D6B1B-60ED-4705-BE9A-49C81669FBE5}.Release|x86.ActiveCfg = Release|Any CPU
		{690D6B1B-60ED-4705-BE9A-49C81669FBE5}.Release|x86.Build.0 = Release|Any CPU
		{8EBAF74A-D929-403C-9564-B4CDA6123372}.Debug|Any CPU.ActiveCfg = Debug|Any CPU
		{8EBAF74A-D929-403C-9564-B4CDA6123372}.Debug|Any CPU.Build.0 = Debug|Any CPU
		{8EBAF74A-D929-403C-9564-B4CDA6123372}.Debug|x64.ActiveCfg = Debug|Any CPU
		{8EBAF74A-D929-403C-9564-B4CDA6123372}.Debug|x64.Build.0 = Debug|Any CPU
		{8EBAF74A-D929-403C-9564-B4CDA6123372}.Debug|x86.ActiveCfg = Debug|Any CPU
		{8EBAF74A-D929-403C-9564-B4CDA6123372}.Debug|x86.Build.0 = Debug|Any CPU
		{8EBAF74A-D929-403C-9564-B4CDA6123372}.Release|Any CPU.ActiveCfg = Release|Any CPU
		{8EBAF74A-D929-403C-9564-B4CDA6123372}.Release|Any CPU.Build.0 = Release|Any CPU
		{8EBAF74A-D929-403C-9564-B4CDA6123372}.Release|x64.ActiveCfg = Release|Any CPU
		{8EBAF74A-D929-403C-9564-B4CDA6123372}.Release|x64.Build.0 = Release|Any CPU
		{8EBAF74A-D929-403C-9564-B4CDA6123372}.Release|x86.ActiveCfg = Release|Any CPU
		{8EBAF74A-D929-403C-9564-B4CDA6123372}.Release|x86.Build.0 = Release|Any CPU
		{D0D5FEE2-4679-4C00-BAA0-D8915C484AEF}.Debug|Any CPU.ActiveCfg = Debug|Any CPU
		{D0D5FEE2-4679-4C00-BAA0-D8915C484AEF}.Debug|Any CPU.Build.0 = Debug|Any CPU
		{D0D5FEE2-4679-4C00-BAA0-D8915C484AEF}.Debug|x64.ActiveCfg = Debug|Any CPU
		{D0D5FEE2-4679-4C00-BAA0-D8915C484AEF}.Debug|x64.Build.0 = Debug|Any CPU
		{D0D5FEE2-4679-4C00-BAA0-D8915C484AEF}.Debug|x86.ActiveCfg = Debug|Any CPU
		{D0D5FEE2-4679-4C00-BAA0-D8915C484AEF}.Debug|x86.Build.0 = Debug|Any CPU
		{D0D5FEE2-4679-4C00-BAA0-D8915C484AEF}.Release|Any CPU.ActiveCfg = Release|Any CPU
		{D0D5FEE2-4679-4C00-BAA0-D8915C484AEF}.Release|Any CPU.Build.0 = Release|Any CPU
		{D0D5FEE2-4679-4C00-BAA0-D8915C484AEF}.Release|x64.ActiveCfg = Release|Any CPU
		{D0D5FEE2-4679-4C00-BAA0-D8915C484AEF}.Release|x64.Build.0 = Release|Any CPU
		{D0D5FEE2-4679-4C00-BAA0-D8915C484AEF}.Release|x86.ActiveCfg = Release|Any CPU
		{D0D5FEE2-4679-4C00-BAA0-D8915C484AEF}.Release|x86.Build.0 = Release|Any CPU
		{50F735FB-8631-44A0-BBC4-81631F4DCD2A}.Debug|Any CPU.ActiveCfg = Debug|Any CPU
		{50F735FB-8631-44A0-BBC4-81631F4DCD2A}.Debug|Any CPU.Build.0 = Debug|Any CPU
		{50F735FB-8631-44A0-BBC4-81631F4DCD2A}.Debug|x64.ActiveCfg = Debug|Any CPU
		{50F735FB-8631-44A0-BBC4-81631F4DCD2A}.Debug|x64.Build.0 = Debug|Any CPU
		{50F735FB-8631-44A0-BBC4-81631F4DCD2A}.Debug|x86.ActiveCfg = Debug|Any CPU
		{50F735FB-8631-44A0-BBC4-81631F4DCD2A}.Debug|x86.Build.0 = Debug|Any CPU
		{50F735FB-8631-44A0-BBC4-81631F4DCD2A}.Release|Any CPU.ActiveCfg = Release|Any CPU
		{50F735FB-8631-44A0-BBC4-81631F4DCD2A}.Release|Any CPU.Build.0 = Release|Any CPU
		{50F735FB-8631-44A0-BBC4-81631F4DCD2A}.Release|x64.ActiveCfg = Release|Any CPU
		{50F735FB-8631-44A0-BBC4-81631F4DCD2A}.Release|x64.Build.0 = Release|Any CPU
		{50F735FB-8631-44A0-BBC4-81631F4DCD2A}.Release|x86.ActiveCfg = Release|Any CPU
		{50F735FB-8631-44A0-BBC4-81631F4DCD2A}.Release|x86.Build.0 = Release|Any CPU
		{01C04962-38AE-43FE-8F0B-6CF69EE6B0BF}.Debug|Any CPU.ActiveCfg = Debug|Any CPU
		{01C04962-38AE-43FE-8F0B-6CF69EE6B0BF}.Debug|Any CPU.Build.0 = Debug|Any CPU
		{01C04962-38AE-43FE-8F0B-6CF69EE6B0BF}.Debug|x64.ActiveCfg = Debug|Any CPU
		{01C04962-38AE-43FE-8F0B-6CF69EE6B0BF}.Debug|x64.Build.0 = Debug|Any CPU
		{01C04962-38AE-43FE-8F0B-6CF69EE6B0BF}.Debug|x86.ActiveCfg = Debug|Any CPU
		{01C04962-38AE-43FE-8F0B-6CF69EE6B0BF}.Debug|x86.Build.0 = Debug|Any CPU
		{01C04962-38AE-43FE-8F0B-6CF69EE6B0BF}.Release|Any CPU.ActiveCfg = Release|Any CPU
		{01C04962-38AE-43FE-8F0B-6CF69EE6B0BF}.Release|Any CPU.Build.0 = Release|Any CPU
		{01C04962-38AE-43FE-8F0B-6CF69EE6B0BF}.Release|x64.ActiveCfg = Release|Any CPU
		{01C04962-38AE-43FE-8F0B-6CF69EE6B0BF}.Release|x64.Build.0 = Release|Any CPU
		{01C04962-38AE-43FE-8F0B-6CF69EE6B0BF}.Release|x86.ActiveCfg = Release|Any CPU
		{01C04962-38AE-43FE-8F0B-6CF69EE6B0BF}.Release|x86.Build.0 = Release|Any CPU
		{8FA6C5EE-904B-4E7C-A438-E39CC7E62A17}.Debug|Any CPU.ActiveCfg = Debug|Any CPU
		{8FA6C5EE-904B-4E7C-A438-E39CC7E62A17}.Debug|Any CPU.Build.0 = Debug|Any CPU
		{8FA6C5EE-904B-4E7C-A438-E39CC7E62A17}.Debug|x64.ActiveCfg = Debug|Any CPU
		{8FA6C5EE-904B-4E7C-A438-E39CC7E62A17}.Debug|x64.Build.0 = Debug|Any CPU
		{8FA6C5EE-904B-4E7C-A438-E39CC7E62A17}.Debug|x86.ActiveCfg = Debug|Any CPU
		{8FA6C5EE-904B-4E7C-A438-E39CC7E62A17}.Debug|x86.Build.0 = Debug|Any CPU
		{8FA6C5EE-904B-4E7C-A438-E39CC7E62A17}.Release|Any CPU.ActiveCfg = Release|Any CPU
		{8FA6C5EE-904B-4E7C-A438-E39CC7E62A17}.Release|Any CPU.Build.0 = Release|Any CPU
		{8FA6C5EE-904B-4E7C-A438-E39CC7E62A17}.Release|x64.ActiveCfg = Release|Any CPU
		{8FA6C5EE-904B-4E7C-A438-E39CC7E62A17}.Release|x64.Build.0 = Release|Any CPU
		{8FA6C5EE-904B-4E7C-A438-E39CC7E62A17}.Release|x86.ActiveCfg = Release|Any CPU
		{8FA6C5EE-904B-4E7C-A438-E39CC7E62A17}.Release|x86.Build.0 = Release|Any CPU
	EndGlobalSection
	GlobalSection(SolutionProperties) = preSolution
		HideSolutionNode = FALSE
	EndGlobalSection
	GlobalSection(NestedProjects) = preSolution
		{86FA87A4-554D-7FD3-E7FA-07CF08F2607B} = {B9F3EFD9-8792-DBB5-53D5-5D013E0311F9}
		{D982DFB0-FEA1-4DC8-A001-35F5181F212A} = {86FA87A4-554D-7FD3-E7FA-07CF08F2607B}
		{6CB42E40-4058-4A0D-BEFA-F117F8F0F5D3} = {86FA87A4-554D-7FD3-E7FA-07CF08F2607B}
		{E66E5429-9C06-480C-1490-3AE9C343C7B4} = {955B2011-13A4-7B01-12D5-DA05E5CA489E}
		{A5F28666-878B-4C48-A7DA-4A19BFC79F02} = {E66E5429-9C06-480C-1490-3AE9C343C7B4}
		{C9B4455E-B953-D43C-1306-8F6858A8729B} = {955B2011-13A4-7B01-12D5-DA05E5CA489E}
		{ADAEC1F0-6882-42D6-9016-E79C9EBA1605} = {C9B4455E-B953-D43C-1306-8F6858A8729B}
		{ECA9F4AD-77F7-253B-20D4-45A77E590D54} = {955B2011-13A4-7B01-12D5-DA05E5CA489E}
		{5B4B178C-9BB0-4297-A07A-5C69FA861A26} = {ECA9F4AD-77F7-253B-20D4-45A77E590D54}
		{8F6A2F38-54DF-4B49-8FC4-7F909D1AF6D3} = {ECA9F4AD-77F7-253B-20D4-45A77E590D54}
		{D459D5A1-8460-2948-B6C6-81F3C1216BDB} = {955B2011-13A4-7B01-12D5-DA05E5CA489E}
		{4D1B939A-3C10-4A7B-B6C4-259D50848A5A} = {D459D5A1-8460-2948-B6C6-81F3C1216BDB}
		{B9F3EFD9-8792-DBB5-53D5-5D013E0311F9} = {955B2011-13A4-7B01-12D5-DA05E5CA489E}
		{748B7F6E-D557-48FA-B393-6374A7582255} = {B9F3EFD9-8792-DBB5-53D5-5D013E0311F9}
		{7A570620-E51D-499E-A28E-13A1D8156417} = {B9F3EFD9-8792-DBB5-53D5-5D013E0311F9}
		{965B8EDA-6B2E-46A6-BDB4-EFB7851B8FFF} = {6D3901D8-58B2-4BCE-9CB0-2E20E9B4D1A1}
		{5A426A6F-C819-4655-893C-5A53BEF192EF} = {B9F3EFD9-8792-DBB5-53D5-5D013E0311F9}
		{2343835F-8DA6-4CAB-B5A9-D86C83A9A40D} = {5A426A6F-C819-4655-893C-5A53BEF192EF}
		{401E6CF6-6FDB-819D-B348-2A4162B7B24D} = {955B2011-13A4-7B01-12D5-DA05E5CA489E}
		{10DABDE7-75F0-47A3-8BB0-473F3B146A61} = {955B2011-13A4-7B01-12D5-DA05E5CA489E}
		{638F6D72-7BC0-4235-A3E4-A6C5B4CBA4A1} = {401E6CF6-6FDB-819D-B348-2A4162B7B24D}
		{5A6E9E3A-0E10-4F09-A3FD-9B7C0D61A2A7} = {401E6CF6-6FDB-819D-B348-2A4162B7B24D}
		{14738F9A-BE56-4675-B1B4-78A4EF833586} = {10DABDE7-75F0-47A3-8BB0-473F3B146A61}
		{2D5CBDB7-6EAA-4F2B-980D-1C2AF55E6B11} = {10DABDE7-75F0-47A3-8BB0-473F3B146A61}
		{690D6B1B-60ED-4705-BE9A-49C81669FBE5} = {10DABDE7-75F0-47A3-8BB0-473F3B146A61}
		{8EBAF74A-D929-403C-9564-B4CDA6123372} = {10DABDE7-75F0-47A3-8BB0-473F3B146A61}
		{D0D5FEE2-4679-4C00-BAA0-D8915C484AEF} = {6D3901D8-58B2-4BCE-9CB0-2E20E9B4D1A1}
		{50F735FB-8631-44A0-BBC4-81631F4DCD2A} = {6D3901D8-58B2-4BCE-9CB0-2E20E9B4D1A1}
		{01C04962-38AE-43FE-8F0B-6CF69EE6B0BF} = {0AB3BF05-4346-4AA6-1389-037BE0695223}
		{8FA6C5EE-904B-4E7C-A438-E39CC7E62A17} = {0AB3BF05-4346-4AA6-1389-037BE0695223}
	EndGlobalSection
EndGlobal
