
Microsoft Visual Studio Solution File, Format Version 12.00
# Visual Studio Version 17
VisualStudioVersion = 17.14.36301.6
MinimumVisualStudioVersion = 10.0.40219.1
Project("{FAE04EC0-301F-11D3-BF4B-00C04F79EFBC}") = "ManagerGUI", "Manager\ManagerGUI.csproj", "{5297E8BC-3D78-4904-9A81-001A86E02F15}"
	ProjectSection(ProjectDependencies) = postProject
		{3C99D6BF-A4A9-45DC-BEF1-5717ECE2A687} = {3C99D6BF-A4A9-45DC-BEF1-5717ECE2A687}
		{62B61CCC-0775-4CF4-B37A-EB5E33CBD08C} = {62B61CCC-0775-4CF4-B37A-EB5E33CBD08C}
	EndProjectSection
EndProject
Project("{FAE04EC0-301F-11D3-BF4B-00C04F79EFBC}") = "ModAPI", "ModAPI\ModAPI.csproj", "{3C99D6BF-A4A9-45DC-BEF1-5717ECE2A687}"
EndProject
Project("{FAE04EC0-301F-11D3-BF4B-00C04F79EFBC}") = "Doorstop", "Doorstop\Doorstop.csproj", "{62B61CCC-0775-4CF4-B37A-EB5E33CBD08C}"
EndProject
Project("{FAE04EC0-301F-11D3-BF4B-00C04F79EFBC}") = "Decompiler", "Decompiler\Decompiler.csproj", "{8410D00E-3E4A-4D0E-A66B-A023E33818F1}"
EndProject
Project("{FAE04EC0-301F-11D3-BF4B-00C04F79EFBC}") = "ShelteredAPI", "ShelteredAPI\ShelteredAPI.csproj", "{85DA57B6-F996-4E06-93ED-021D9C711C7F}"
EndProject
Project("{FAE04EC0-301F-11D3-BF4B-00C04F79EFBC}") = "GameModding.Shared", "GameModding.Shared\GameModding.Shared.csproj", "{6AA53E5A-2A1B-4EE4-9B3E-B85E99A28C21}"
EndProject
Project("{2150E333-8FDC-42A3-9474-1A3956D46DE8}") = "Cortex", "Cortex", "{955B2011-13A4-7B01-12D5-DA05E5CA489E}"
EndProject
Project("{2150E333-8FDC-42A3-9474-1A3956D46DE8}") = "Shell", "Shell", "{86FA87A4-554D-7FD3-E7FA-07CF08F2607B}"
EndProject
Project("{FAE04EC0-301F-11D3-BF4B-00C04F79EFBC}") = "Cortex", "Cortex\Cortex.csproj", "{D982DFB0-FEA1-4DC8-A001-35F5181F212A}"
EndProject
Project("{2150E333-8FDC-42A3-9474-1A3956D46DE8}") = "Core", "Core", "{E66E5429-9C06-480C-1490-3AE9C343C7B4}"
EndProject
Project("{FAE04EC0-301F-11D3-BF4B-00C04F79EFBC}") = "Cortex.Core", "Cortex.Core\Cortex.Core.csproj", "{A5F28666-878B-4C48-A7DA-4A19BFC79F02}"
EndProject
Project("{2150E333-8FDC-42A3-9474-1A3956D46DE8}") = "Presentation", "Presentation", "{C9B4455E-B953-D43C-1306-8F6858A8729B}"
EndProject
Project("{FAE04EC0-301F-11D3-BF4B-00C04F79EFBC}") = "Cortex.Presentation", "Cortex.Presentation\Cortex.Presentation.csproj", "{ADAEC1F0-6882-42D6-9016-E79C9EBA1605}"
EndProject
Project("{2150E333-8FDC-42A3-9474-1A3956D46DE8}") = "Rendering", "Rendering", "{ECA9F4AD-77F7-253B-20D4-45A77E590D54}"
EndProject
Project("{FAE04EC0-301F-11D3-BF4B-00C04F79EFBC}") = "Cortex.Rendering", "Cortex.Rendering\Cortex.Rendering.csproj", "{5B4B178C-9BB0-4297-A07A-5C69FA861A26}"
EndProject
Project("{2150E333-8FDC-42A3-9474-1A3956D46DE8}") = "Renderers", "Renderers", "{D459D5A1-8460-2948-B6C6-81F3C1216BDB}"
EndProject
Project("{FAE04EC0-301F-11D3-BF4B-00C04F79EFBC}") = "Cortex.Renderers.Imgui", "Cortex.Renderers.Imgui\Cortex.Renderers.Imgui.csproj", "{4D1B939A-3C10-4A7B-B6C4-259D50848A5A}"
EndProject
Project("{2150E333-8FDC-42A3-9474-1A3956D46DE8}") = "Host", "Host", "{B9F3EFD9-8792-DBB5-53D5-5D013E0311F9}"
EndProject
Project("{FAE04EC0-301F-11D3-BF4B-00C04F79EFBC}") = "Cortex.Host.Unity", "Cortex.Host.Unity\Cortex.Host.Unity.csproj", "{7A570620-E51D-499E-A28E-13A1D8156417}"
EndProject
Project("{FAE04EC0-301F-11D3-BF4B-00C04F79EFBC}") = "Cortex.PathPicker.Host", "Cortex.PathPicker.Host\Cortex.PathPicker.Host.csproj", "{F6B6D291-4185-4404-9781-B7483271CAAC}"
EndProject
Project("{2150E333-8FDC-42A3-9474-1A3956D46DE8}") = "Platform", "Platform", "{5A426A6F-C819-4655-893C-5A53BEF192EF}"
EndProject
Project("{FAE04EC0-301F-11D3-BF4B-00C04F79EFBC}") = "Cortex.Platform.ModAPI", "Cortex.Platform.ModAPI\Cortex.Platform.ModAPI.csproj", "{2343835F-8DA6-4CAB-B5A9-D86C83A9A40D}"
EndProject
Project("{2150E333-8FDC-42A3-9474-1A3956D46DE8}") = "Plugins", "Plugins", "{401E6CF6-6FDB-819D-B348-2A4162B7B24D}"
EndProject
Project("{FAE04EC0-301F-11D3-BF4B-00C04F79EFBC}") = "Cortex.Plugins.Abstractions", "Cortex.Plugins.Abstractions\Cortex.Plugins.Abstractions.csproj", "{638F6D72-7BC0-4235-A3E4-A6C5B4CBA4A1}"
EndProject
Project("{FAE04EC0-301F-11D3-BF4B-00C04F79EFBC}") = "Cortex.Roslyn.Worker", "Cortex.Roslyn.Worker\Cortex.Roslyn.Worker.csproj", "{BE6A0D75-5694-4C52-835A-97F2948BE181}"
EndProject
Project("{FAE04EC0-301F-11D3-BF4B-00C04F79EFBC}") = "Cortex.Tabby.Server", "Cortex.Tabby.Server\Cortex.Tabby.Server.csproj", "{8E5FB062-8C28-4E46-8424-CD3D3EBD8DCC}"
EndProject
Global
	GlobalSection(SolutionConfigurationPlatforms) = preSolution
		Debug|Any CPU = Debug|Any CPU
		Debug|x64 = Debug|x64
		Debug|x86 = Debug|x86
		Release|Any CPU = Release|Any CPU
		Release|x64 = Release|x64
		Release|x86 = Release|x86
		Verbose_Release|Any CPU = Verbose_Release|Any CPU
		Verbose_Release|x64 = Verbose_Release|x64
		Verbose_Release|x86 = Verbose_Release|x86
		Verbose|Any CPU = Verbose|Any CPU
		Verbose|x64 = Verbose|x64
		Verbose|x86 = Verbose|x86
	EndGlobalSection
	GlobalSection(ProjectConfigurationPlatforms) = postSolution
		{5297E8BC-3D78-4904-9A81-001A86E02F15}.Debug|Any CPU.ActiveCfg = Debug|Any CPU
		{5297E8BC-3D78-4904-9A81-001A86E02F15}.Debug|Any CPU.Build.0 = Debug|Any CPU
		{5297E8BC-3D78-4904-9A81-001A86E02F15}.Debug|x64.ActiveCfg = Debug|Any CPU
		{5297E8BC-3D78-4904-9A81-001A86E02F15}.Debug|x64.Build.0 = Debug|Any CPU
		{5297E8BC-3D78-4904-9A81-001A86E02F15}.Debug|x86.ActiveCfg = Debug|Any CPU
		{5297E8BC-3D78-4904-9A81-001A86E02F15}.Debug|x86.Build.0 = Debug|Any CPU
		{5297E8BC-3D78-4904-9A81-001A86E02F15}.Release|Any CPU.ActiveCfg = Release|Any CPU
		{5297E8BC-3D78-4904-9A81-001A86E02F15}.Release|Any CPU.Build.0 = Release|Any CPU
		{5297E8BC-3D78-4904-9A81-001A86E02F15}.Release|x64.ActiveCfg = Release|Any CPU
		{5297E8BC-3D78-4904-9A81-001A86E02F15}.Release|x64.Build.0 = Release|Any CPU
		{5297E8BC-3D78-4904-9A81-001A86E02F15}.Release|x86.ActiveCfg = Release|Any CPU
		{5297E8BC-3D78-4904-9A81-001A86E02F15}.Release|x86.Build.0 = Release|Any CPU
		{5297E8BC-3D78-4904-9A81-001A86E02F15}.Verbose_Release|Any CPU.ActiveCfg = Release|Any CPU
		{5297E8BC-3D78-4904-9A81-001A86E02F15}.Verbose_Release|Any CPU.Build.0 = Release|Any CPU
		{5297E8BC-3D78-4904-9A81-001A86E02F15}.Verbose_Release|x64.ActiveCfg = Release|Any CPU
		{5297E8BC-3D78-4904-9A81-001A86E02F15}.Verbose_Release|x64.Build.0 = Release|Any CPU
		{5297E8BC-3D78-4904-9A81-001A86E02F15}.Verbose_Release|x86.ActiveCfg = Release|Any CPU
		{5297E8BC-3D78-4904-9A81-001A86E02F15}.Verbose_Release|x86.Build.0 = Release|Any CPU
		{5297E8BC-3D78-4904-9A81-001A86E02F15}.Verbose|Any CPU.ActiveCfg = Release|Any CPU
		{5297E8BC-3D78-4904-9A81-001A86E02F15}.Verbose|Any CPU.Build.0 = Release|Any CPU
		{5297E8BC-3D78-4904-9A81-001A86E02F15}.Verbose|x64.ActiveCfg = Release|Any CPU
		{5297E8BC-3D78-4904-9A81-001A86E02F15}.Verbose|x64.Build.0 = Release|Any CPU
		{5297E8BC-3D78-4904-9A81-001A86E02F15}.Verbose|x86.ActiveCfg = Release|Any CPU
		{5297E8BC-3D78-4904-9A81-001A86E02F15}.Verbose|x86.Build.0 = Release|Any CPU
		{3C99D6BF-A4A9-45DC-BEF1-5717ECE2A687}.Debug|Any CPU.ActiveCfg = Debug|Any CPU
		{3C99D6BF-A4A9-45DC-BEF1-5717ECE2A687}.Debug|Any CPU.Build.0 = Debug|Any CPU
		{3C99D6BF-A4A9-45DC-BEF1-5717ECE2A687}.Debug|x64.ActiveCfg = Debug|Any CPU
		{3C99D6BF-A4A9-45DC-BEF1-5717ECE2A687}.Debug|x64.Build.0 = Debug|Any CPU
		{3C99D6BF-A4A9-45DC-BEF1-5717ECE2A687}.Debug|x86.ActiveCfg = Debug|Any CPU
		{3C99D6BF-A4A9-45DC-BEF1-5717ECE2A687}.Debug|x86.Build.0 = Debug|Any CPU
		{3C99D6BF-A4A9-45DC-BEF1-5717ECE2A687}.Release|Any CPU.ActiveCfg = Release|Any CPU
		{3C99D6BF-A4A9-45DC-BEF1-5717ECE2A687}.Release|Any CPU.Build.0 = Release|Any CPU
		{3C99D6BF-A4A9-45DC-BEF1-5717ECE2A687}.Release|x64.ActiveCfg = Release|Any CPU
		{3C99D6BF-A4A9-45DC-BEF1-5717ECE2A687}.Release|x64.Build.0 = Release|Any CPU
		{3C99D6BF-A4A9-45DC-BEF1-5717ECE2A687}.Release|x86.ActiveCfg = Release|Any CPU
		{3C99D6BF-A4A9-45DC-BEF1-5717ECE2A687}.Release|x86.Build.0 = Release|Any CPU
		{3C99D6BF-A4A9-45DC-BEF1-5717ECE2A687}.Verbose_Release|Any CPU.ActiveCfg = Release|Any CPU
		{3C99D6BF-A4A9-45DC-BEF1-5717ECE2A687}.Verbose_Release|Any CPU.Build.0 = Release|Any CPU
		{3C99D6BF-A4A9-45DC-BEF1-5717ECE2A687}.Verbose_Release|x64.ActiveCfg = Release|Any CPU
		{3C99D6BF-A4A9-45DC-BEF1-5717ECE2A687}.Verbose_Release|x64.Build.0 = Release|Any CPU
		{3C99D6BF-A4A9-45DC-BEF1-5717ECE2A687}.Verbose_Release|x86.ActiveCfg = Release|Any CPU
		{3C99D6BF-A4A9-45DC-BEF1-5717ECE2A687}.Verbose_Release|x86.Build.0 = Release|Any CPU
		{3C99D6BF-A4A9-45DC-BEF1-5717ECE2A687}.Verbose|Any CPU.ActiveCfg = Release|Any CPU
		{3C99D6BF-A4A9-45DC-BEF1-5717ECE2A687}.Verbose|Any CPU.Build.0 = Release|Any CPU
		{3C99D6BF-A4A9-45DC-BEF1-5717ECE2A687}.Verbose|x64.ActiveCfg = Release|Any CPU
		{3C99D6BF-A4A9-45DC-BEF1-5717ECE2A687}.Verbose|x64.Build.0 = Release|Any CPU
		{3C99D6BF-A4A9-45DC-BEF1-5717ECE2A687}.Verbose|x86.ActiveCfg = Release|Any CPU
		{3C99D6BF-A4A9-45DC-BEF1-5717ECE2A687}.Verbose|x86.Build.0 = Release|Any CPU
		{62B61CCC-0775-4CF4-B37A-EB5E33CBD08C}.Debug|Any CPU.ActiveCfg = Debug|Any CPU
		{62B61CCC-0775-4CF4-B37A-EB5E33CBD08C}.Debug|Any CPU.Build.0 = Debug|Any CPU
		{62B61CCC-0775-4CF4-B37A-EB5E33CBD08C}.Debug|x64.ActiveCfg = Debug|Any CPU
		{62B61CCC-0775-4CF4-B37A-EB5E33CBD08C}.Debug|x64.Build.0 = Debug|Any CPU
		{62B61CCC-0775-4CF4-B37A-EB5E33CBD08C}.Debug|x86.ActiveCfg = Debug|Any CPU
		{62B61CCC-0775-4CF4-B37A-EB5E33CBD08C}.Debug|x86.Build.0 = Debug|Any CPU
		{62B61CCC-0775-4CF4-B37A-EB5E33CBD08C}.Release|Any CPU.ActiveCfg = Release|Any CPU
		{62B61CCC-0775-4CF4-B37A-EB5E33CBD08C}.Release|Any CPU.Build.0 = Release|Any CPU
		{62B61CCC-0775-4CF4-B37A-EB5E33CBD08C}.Release|x64.ActiveCfg = Release|Any CPU
		{62B61CCC-0775-4CF4-B37A-EB5E33CBD08C}.Release|x64.Build.0 = Release|Any CPU
		{62B61CCC-0775-4CF4-B37A-EB5E33CBD08C}.Release|x86.ActiveCfg = Release|Any CPU
		{62B61CCC-0775-4CF4-B37A-EB5E33CBD08C}.Release|x86.Build.0 = Release|Any CPU
		{62B61CCC-0775-4CF4-B37A-EB5E33CBD08C}.Verbose_Release|Any CPU.ActiveCfg = Verbose_Release|Any CPU
		{62B61CCC-0775-4CF4-B37A-EB5E33CBD08C}.Verbose_Release|Any CPU.Build.0 = Verbose_Release|Any CPU
		{62B61CCC-0775-4CF4-B37A-EB5E33CBD08C}.Verbose_Release|x64.ActiveCfg = Verbose_Release|Any CPU
		{62B61CCC-0775-4CF4-B37A-EB5E33CBD08C}.Verbose_Release|x64.Build.0 = Verbose_Release|Any CPU
		{62B61CCC-0775-4CF4-B37A-EB5E33CBD08C}.Verbose_Release|x86.ActiveCfg = Verbose_Release|Any CPU
		{62B61CCC-0775-4CF4-B37A-EB5E33CBD08C}.Verbose_Release|x86.Build.0 = Verbose_Release|Any CPU
		{62B61CCC-0775-4CF4-B37A-EB5E33CBD08C}.Verbose|Any CPU.ActiveCfg = Verbose|Any CPU
		{62B61CCC-0775-4CF4-B37A-EB5E33CBD08C}.Verbose|Any CPU.Build.0 = Verbose|Any CPU
		{62B61CCC-0775-4CF4-B37A-EB5E33CBD08C}.Verbose|x64.ActiveCfg = Verbose|Any CPU
		{62B61CCC-0775-4CF4-B37A-EB5E33CBD08C}.Verbose|x64.Build.0 = Verbose|Any CPU
		{62B61CCC-0775-4CF4-B37A-EB5E33CBD08C}.Verbose|x86.ActiveCfg = Verbose|Any CPU
		{62B61CCC-0775-4CF4-B37A-EB5E33CBD08C}.Verbose|x86.Build.0 = Verbose|Any CPU
		{8410D00E-3E4A-4D0E-A66B-A023E33818F1}.Debug|Any CPU.ActiveCfg = Debug|Any CPU
		{8410D00E-3E4A-4D0E-A66B-A023E33818F1}.Debug|Any CPU.Build.0 = Debug|Any CPU
		{8410D00E-3E4A-4D0E-A66B-A023E33818F1}.Debug|x64.ActiveCfg = Debug|Any CPU
		{8410D00E-3E4A-4D0E-A66B-A023E33818F1}.Debug|x64.Build.0 = Debug|Any CPU
		{8410D00E-3E4A-4D0E-A66B-A023E33818F1}.Debug|x86.ActiveCfg = Debug|Any CPU
		{8410D00E-3E4A-4D0E-A66B-A023E33818F1}.Debug|x86.Build.0 = Debug|Any CPU
		{8410D00E-3E4A-4D0E-A66B-A023E33818F1}.Release|Any CPU.ActiveCfg = Release|Any CPU
		{8410D00E-3E4A-4D0E-A66B-A023E33818F1}.Release|Any CPU.Build.0 = Release|Any CPU
		{8410D00E-3E4A-4D0E-A66B-A023E33818F1}.Release|x64.ActiveCfg = Release|Any CPU
		{8410D00E-3E4A-4D0E-A66B-A023E33818F1}.Release|x64.Build.0 = Release|Any CPU
		{8410D00E-3E4A-4D0E-A66B-A023E33818F1}.Release|x86.ActiveCfg = Release|Any CPU
		{8410D00E-3E4A-4D0E-A66B-A023E33818F1}.Release|x86.Build.0 = Release|Any CPU
		{8410D00E-3E4A-4D0E-A66B-A023E33818F1}.Verbose_Release|Any CPU.ActiveCfg = Release|Any CPU
		{8410D00E-3E4A-4D0E-A66B-A023E33818F1}.Verbose_Release|Any CPU.Build.0 = Release|Any CPU
		{8410D00E-3E4A-4D0E-A66B-A023E33818F1}.Verbose_Release|x64.ActiveCfg = Release|Any CPU
		{8410D00E-3E4A-4D0E-A66B-A023E33818F1}.Verbose_Release|x64.Build.0 = Release|Any CPU
		{8410D00E-3E4A-4D0E-A66B-A023E33818F1}.Verbose_Release|x86.ActiveCfg = Release|Any CPU
		{8410D00E-3E4A-4D0E-A66B-A023E33818F1}.Verbose_Release|x86.Build.0 = Release|Any CPU
		{8410D00E-3E4A-4D0E-A66B-A023E33818F1}.Verbose|Any CPU.ActiveCfg = Debug|Any CPU
		{8410D00E-3E4A-4D0E-A66B-A023E33818F1}.Verbose|Any CPU.Build.0 = Debug|Any CPU
		{8410D00E-3E4A-4D0E-A66B-A023E33818F1}.Verbose|x64.ActiveCfg = Debug|Any CPU
		{8410D00E-3E4A-4D0E-A66B-A023E33818F1}.Verbose|x64.Build.0 = Debug|Any CPU
		{8410D00E-3E4A-4D0E-A66B-A023E33818F1}.Verbose|x86.ActiveCfg = Debug|Any CPU
		{8410D00E-3E4A-4D0E-A66B-A023E33818F1}.Verbose|x86.Build.0 = Debug|Any CPU
		{85DA57B6-F996-4E06-93ED-021D9C711C7F}.Debug|Any CPU.ActiveCfg = Debug|Any CPU
		{85DA57B6-F996-4E06-93ED-021D9C711C7F}.Debug|Any CPU.Build.0 = Debug|Any CPU
		{85DA57B6-F996-4E06-93ED-021D9C711C7F}.Debug|x64.ActiveCfg = Debug|Any CPU
		{85DA57B6-F996-4E06-93ED-021D9C711C7F}.Debug|x64.Build.0 = Debug|Any CPU
		{85DA57B6-F996-4E06-93ED-021D9C711C7F}.Debug|x86.ActiveCfg = Debug|Any CPU
		{85DA57B6-F996-4E06-93ED-021D9C711C7F}.Debug|x86.Build.0 = Debug|Any CPU
		{85DA57B6-F996-4E06-93ED-021D9C711C7F}.Release|Any CPU.ActiveCfg = Release|Any CPU
		{85DA57B6-F996-4E06-93ED-021D9C711C7F}.Release|Any CPU.Build.0 = Release|Any CPU
		{85DA57B6-F996-4E06-93ED-021D9C711C7F}.Release|x64.ActiveCfg = Release|Any CPU
		{85DA57B6-F996-4E06-93ED-021D9C711C7F}.Release|x64.Build.0 = Release|Any CPU
		{85DA57B6-F996-4E06-93ED-021D9C711C7F}.Release|x86.ActiveCfg = Release|Any CPU
		{85DA57B6-F996-4E06-93ED-021D9C711C7F}.Release|x86.Build.0 = Release|Any CPU
		{85DA57B6-F996-4E06-93ED-021D9C711C7F}.Verbose_Release|Any CPU.ActiveCfg = Release|Any CPU
		{85DA57B6-F996-4E06-93ED-021D9C711C7F}.Verbose_Release|Any CPU.Build.0 = Release|Any CPU
		{85DA57B6-F996-4E06-93ED-021D9C711C7F}.Verbose_Release|x64.ActiveCfg = Release|Any CPU
		{85DA57B6-F996-4E06-93ED-021D9C711C7F}.Verbose_Release|x64.Build.0 = Release|Any CPU
		{85DA57B6-F996-4E06-93ED-021D9C711C7F}.Verbose_Release|x86.ActiveCfg = Release|Any CPU
		{85DA57B6-F996-4E06-93ED-021D9C711C7F}.Verbose_Release|x86.Build.0 = Release|Any CPU
		{85DA57B6-F996-4E06-93ED-021D9C711C7F}.Verbose|Any CPU.ActiveCfg = Debug|Any CPU
		{85DA57B6-F996-4E06-93ED-021D9C711C7F}.Verbose|Any CPU.Build.0 = Debug|Any CPU
		{85DA57B6-F996-4E06-93ED-021D9C711C7F}.Verbose|x64.ActiveCfg = Debug|Any CPU
		{85DA57B6-F996-4E06-93ED-021D9C711C7F}.Verbose|x64.Build.0 = Debug|Any CPU
		{85DA57B6-F996-4E06-93ED-021D9C711C7F}.Verbose|x86.ActiveCfg = Debug|Any CPU
		{85DA57B6-F996-4E06-93ED-021D9C711C7F}.Verbose|x86.Build.0 = Debug|Any CPU
		{6AA53E5A-2A1B-4EE4-9B3E-B85E99A28C21}.Debug|Any CPU.ActiveCfg = Debug|Any CPU
		{6AA53E5A-2A1B-4EE4-9B3E-B85E99A28C21}.Debug|Any CPU.Build.0 = Debug|Any CPU
		{6AA53E5A-2A1B-4EE4-9B3E-B85E99A28C21}.Debug|x64.ActiveCfg = Debug|Any CPU
		{6AA53E5A-2A1B-4EE4-9B3E-B85E99A28C21}.Debug|x64.Build.0 = Debug|Any CPU
		{6AA53E5A-2A1B-4EE4-9B3E-B85E99A28C21}.Debug|x86.ActiveCfg = Debug|Any CPU
		{6AA53E5A-2A1B-4EE4-9B3E-B85E99A28C21}.Debug|x86.Build.0 = Debug|Any CPU
		{6AA53E5A-2A1B-4EE4-9B3E-B85E99A28C21}.Release|Any CPU.ActiveCfg = Release|Any CPU
		{6AA53E5A-2A1B-4EE4-9B3E-B85E99A28C21}.Release|Any CPU.Build.0 = Release|Any CPU
		{6AA53E5A-2A1B-4EE4-9B3E-B85E99A28C21}.Release|x64.ActiveCfg = Release|Any CPU
		{6AA53E5A-2A1B-4EE4-9B3E-B85E99A28C21}.Release|x64.Build.0 = Release|Any CPU
		{6AA53E5A-2A1B-4EE4-9B3E-B85E99A28C21}.Release|x86.ActiveCfg = Release|Any CPU
		{6AA53E5A-2A1B-4EE4-9B3E-B85E99A28C21}.Release|x86.Build.0 = Release|Any CPU
		{6AA53E5A-2A1B-4EE4-9B3E-B85E99A28C21}.Verbose_Release|Any CPU.ActiveCfg = Release|Any CPU
		{6AA53E5A-2A1B-4EE4-9B3E-B85E99A28C21}.Verbose_Release|Any CPU.Build.0 = Release|Any CPU
		{6AA53E5A-2A1B-4EE4-9B3E-B85E99A28C21}.Verbose_Release|x64.ActiveCfg = Release|Any CPU
		{6AA53E5A-2A1B-4EE4-9B3E-B85E99A28C21}.Verbose_Release|x64.Build.0 = Release|Any CPU
		{6AA53E5A-2A1B-4EE4-9B3E-B85E99A28C21}.Verbose_Release|x86.ActiveCfg = Release|Any CPU
		{6AA53E5A-2A1B-4EE4-9B3E-B85E99A28C21}.Verbose_Release|x86.Build.0 = Release|Any CPU
		{6AA53E5A-2A1B-4EE4-9B3E-B85E99A28C21}.Verbose|Any CPU.ActiveCfg = Release|Any CPU
		{6AA53E5A-2A1B-4EE4-9B3E-B85E99A28C21}.Verbose|Any CPU.Build.0 = Release|Any CPU
		{6AA53E5A-2A1B-4EE4-9B3E-B85E99A28C21}.Verbose|x64.ActiveCfg = Release|Any CPU
		{6AA53E5A-2A1B-4EE4-9B3E-B85E99A28C21}.Verbose|x64.Build.0 = Release|Any CPU
		{6AA53E5A-2A1B-4EE4-9B3E-B85E99A28C21}.Verbose|x86.ActiveCfg = Release|Any CPU
		{6AA53E5A-2A1B-4EE4-9B3E-B85E99A28C21}.Verbose|x86.Build.0 = Release|Any CPU
		{D982DFB0-FEA1-4DC8-A001-35F5181F212A}.Debug|Any CPU.ActiveCfg = Debug|Any CPU
		{D982DFB0-FEA1-4DC8-A001-35F5181F212A}.Debug|Any CPU.Build.0 = Debug|Any CPU
		{D982DFB0-FEA1-4DC8-A001-35F5181F212A}.Debug|x64.ActiveCfg = Debug|Any CPU
		{D982DFB0-FEA1-4DC8-A001-35F5181F212A}.Debug|x64.Build.0 = Debug|Any CPU
		{D982DFB0-FEA1-4DC8-A001-35F5181F212A}.Debug|x86.ActiveCfg = Debug|Any CPU
		{D982DFB0-FEA1-4DC8-A001-35F5181F212A}.Debug|x86.Build.0 = Debug|Any CPU
		{D982DFB0-FEA1-4DC8-A001-35F5181F212A}.Release|Any CPU.ActiveCfg = Release|Any CPU
		{D982DFB0-FEA1-4DC8-A001-35F5181F212A}.Release|Any CPU.Build.0 = Release|Any CPU
		{D982DFB0-FEA1-4DC8-A001-35F5181F212A}.Release|x64.ActiveCfg = Release|Any CPU
		{D982DFB0-FEA1-4DC8-A001-35F5181F212A}.Release|x64.Build.0 = Release|Any CPU
		{D982DFB0-FEA1-4DC8-A001-35F5181F212A}.Release|x86.ActiveCfg = Release|Any CPU
		{D982DFB0-FEA1-4DC8-A001-35F5181F212A}.Release|x86.Build.0 = Release|Any CPU
		{D982DFB0-FEA1-4DC8-A001-35F5181F212A}.Verbose_Release|Any CPU.ActiveCfg = Debug|Any CPU
		{D982DFB0-FEA1-4DC8-A001-35F5181F212A}.Verbose_Release|Any CPU.Build.0 = Debug|Any CPU
		{D982DFB0-FEA1-4DC8-A001-35F5181F212A}.Verbose_Release|x64.ActiveCfg = Debug|Any CPU
		{D982DFB0-FEA1-4DC8-A001-35F5181F212A}.Verbose_Release|x64.Build.0 = Debug|Any CPU
		{D982DFB0-FEA1-4DC8-A001-35F5181F212A}.Verbose_Release|x86.ActiveCfg = Debug|Any CPU
		{D982DFB0-FEA1-4DC8-A001-35F5181F212A}.Verbose_Release|x86.Build.0 = Debug|Any CPU
		{D982DFB0-FEA1-4DC8-A001-35F5181F212A}.Verbose|Any CPU.ActiveCfg = Debug|Any CPU
		{D982DFB0-FEA1-4DC8-A001-35F5181F212A}.Verbose|Any CPU.Build.0 = Debug|Any CPU
		{D982DFB0-FEA1-4DC8-A001-35F5181F212A}.Verbose|x64.ActiveCfg = Debug|Any CPU
		{D982DFB0-FEA1-4DC8-A001-35F5181F212A}.Verbose|x64.Build.0 = Debug|Any CPU
		{D982DFB0-FEA1-4DC8-A001-35F5181F212A}.Verbose|x86.ActiveCfg = Debug|Any CPU
		{D982DFB0-FEA1-4DC8-A001-35F5181F212A}.Verbose|x86.Build.0 = Debug|Any CPU
		{A5F28666-878B-4C48-A7DA-4A19BFC79F02}.Debug|Any CPU.ActiveCfg = Debug|Any CPU
		{A5F28666-878B-4C48-A7DA-4A19BFC79F02}.Debug|Any CPU.Build.0 = Debug|Any CPU
		{A5F28666-878B-4C48-A7DA-4A19BFC79F02}.Debug|x64.ActiveCfg = Debug|Any CPU
		{A5F28666-878B-4C48-A7DA-4A19BFC79F02}.Debug|x64.Build.0 = Debug|Any CPU
		{A5F28666-878B-4C48-A7DA-4A19BFC79F02}.Debug|x86.ActiveCfg = Debug|Any CPU
		{A5F28666-878B-4C48-A7DA-4A19BFC79F02}.Debug|x86.Build.0 = Debug|Any CPU
		{A5F28666-878B-4C48-A7DA-4A19BFC79F02}.Release|Any CPU.ActiveCfg = Release|Any CPU
		{A5F28666-878B-4C48-A7DA-4A19BFC79F02}.Release|Any CPU.Build.0 = Release|Any CPU
		{A5F28666-878B-4C48-A7DA-4A19BFC79F02}.Release|x64.ActiveCfg = Release|Any CPU
		{A5F28666-878B-4C48-A7DA-4A19BFC79F02}.Release|x64.Build.0 = Release|Any CPU
		{A5F28666-878B-4C48-A7DA-4A19BFC79F02}.Release|x86.ActiveCfg = Release|Any CPU
		{A5F28666-878B-4C48-A7DA-4A19BFC79F02}.Release|x86.Build.0 = Release|Any CPU
		{A5F28666-878B-4C48-A7DA-4A19BFC79F02}.Verbose_Release|Any CPU.ActiveCfg = Debug|Any CPU
		{A5F28666-878B-4C48-A7DA-4A19BFC79F02}.Verbose_Release|Any CPU.Build.0 = Debug|Any CPU
		{A5F28666-878B-4C48-A7DA-4A19BFC79F02}.Verbose_Release|x64.ActiveCfg = Debug|Any CPU
		{A5F28666-878B-4C48-A7DA-4A19BFC79F02}.Verbose_Release|x64.Build.0 = Debug|Any CPU
		{A5F28666-878B-4C48-A7DA-4A19BFC79F02}.Verbose_Release|x86.ActiveCfg = Debug|Any CPU
		{A5F28666-878B-4C48-A7DA-4A19BFC79F02}.Verbose_Release|x86.Build.0 = Debug|Any CPU
		{A5F28666-878B-4C48-A7DA-4A19BFC79F02}.Verbose|Any CPU.ActiveCfg = Debug|Any CPU
		{A5F28666-878B-4C48-A7DA-4A19BFC79F02}.Verbose|Any CPU.Build.0 = Debug|Any CPU
		{A5F28666-878B-4C48-A7DA-4A19BFC79F02}.Verbose|x64.ActiveCfg = Debug|Any CPU
		{A5F28666-878B-4C48-A7DA-4A19BFC79F02}.Verbose|x64.Build.0 = Debug|Any CPU
		{A5F28666-878B-4C48-A7DA-4A19BFC79F02}.Verbose|x86.ActiveCfg = Debug|Any CPU
		{A5F28666-878B-4C48-A7DA-4A19BFC79F02}.Verbose|x86.Build.0 = Debug|Any CPU
		{ADAEC1F0-6882-42D6-9016-E79C9EBA1605}.Debug|Any CPU.ActiveCfg = Debug|Any CPU
		{ADAEC1F0-6882-42D6-9016-E79C9EBA1605}.Debug|Any CPU.Build.0 = Debug|Any CPU
		{ADAEC1F0-6882-42D6-9016-E79C9EBA1605}.Debug|x64.ActiveCfg = Debug|Any CPU
		{ADAEC1F0-6882-42D6-9016-E79C9EBA1605}.Debug|x64.Build.0 = Debug|Any CPU
		{ADAEC1F0-6882-42D6-9016-E79C9EBA1605}.Debug|x86.ActiveCfg = Debug|Any CPU
		{ADAEC1F0-6882-42D6-9016-E79C9EBA1605}.Debug|x86.Build.0 = Debug|Any CPU
		{ADAEC1F0-6882-42D6-9016-E79C9EBA1605}.Release|Any CPU.ActiveCfg = Release|Any CPU
		{ADAEC1F0-6882-42D6-9016-E79C9EBA1605}.Release|Any CPU.Build.0 = Release|Any CPU
		{ADAEC1F0-6882-42D6-9016-E79C9EBA1605}.Release|x64.ActiveCfg = Release|Any CPU
		{ADAEC1F0-6882-42D6-9016-E79C9EBA1605}.Release|x64.Build.0 = Release|Any CPU
		{ADAEC1F0-6882-42D6-9016-E79C9EBA1605}.Release|x86.ActiveCfg = Release|Any CPU
		{ADAEC1F0-6882-42D6-9016-E79C9EBA1605}.Release|x86.Build.0 = Release|Any CPU
		{ADAEC1F0-6882-42D6-9016-E79C9EBA1605}.Verbose_Release|Any CPU.ActiveCfg = Debug|Any CPU
		{ADAEC1F0-6882-42D6-9016-E79C9EBA1605}.Verbose_Release|Any CPU.Build.0 = Debug|Any CPU
		{ADAEC1F0-6882-42D6-9016-E79C9EBA1605}.Verbose_Release|x64.ActiveCfg = Debug|Any CPU
		{ADAEC1F0-6882-42D6-9016-E79C9EBA1605}.Verbose_Release|x64.Build.0 = Debug|Any CPU
		{ADAEC1F0-6882-42D6-9016-E79C9EBA1605}.Verbose_Release|x86.ActiveCfg = Debug|Any CPU
		{ADAEC1F0-6882-42D6-9016-E79C9EBA1605}.Verbose_Release|x86.Build.0 = Debug|Any CPU
		{ADAEC1F0-6882-42D6-9016-E79C9EBA1605}.Verbose|Any CPU.ActiveCfg = Debug|Any CPU
		{ADAEC1F0-6882-42D6-9016-E79C9EBA1605}.Verbose|Any CPU.Build.0 = Debug|Any CPU
		{ADAEC1F0-6882-42D6-9016-E79C9EBA1605}.Verbose|x64.ActiveCfg = Debug|Any CPU
		{ADAEC1F0-6882-42D6-9016-E79C9EBA1605}.Verbose|x64.Build.0 = Debug|Any CPU
		{ADAEC1F0-6882-42D6-9016-E79C9EBA1605}.Verbose|x86.ActiveCfg = Debug|Any CPU
		{ADAEC1F0-6882-42D6-9016-E79C9EBA1605}.Verbose|x86.Build.0 = Debug|Any CPU
		{5B4B178C-9BB0-4297-A07A-5C69FA861A26}.Debug|Any CPU.ActiveCfg = Debug|Any CPU
		{5B4B178C-9BB0-4297-A07A-5C69FA861A26}.Debug|Any CPU.Build.0 = Debug|Any CPU
		{5B4B178C-9BB0-4297-A07A-5C69FA861A26}.Debug|x64.ActiveCfg = Debug|Any CPU
		{5B4B178C-9BB0-4297-A07A-5C69FA861A26}.Debug|x64.Build.0 = Debug|Any CPU
		{5B4B178C-9BB0-4297-A07A-5C69FA861A26}.Debug|x86.ActiveCfg = Debug|Any CPU
		{5B4B178C-9BB0-4297-A07A-5C69FA861A26}.Debug|x86.Build.0 = Debug|Any CPU
		{5B4B178C-9BB0-4297-A07A-5C69FA861A26}.Release|Any CPU.ActiveCfg = Release|Any CPU
		{5B4B178C-9BB0-4297-A07A-5C69FA861A26}.Release|Any CPU.Build.0 = Release|Any CPU
		{5B4B178C-9BB0-4297-A07A-5C69FA861A26}.Release|x64.ActiveCfg = Release|Any CPU
		{5B4B178C-9BB0-4297-A07A-5C69FA861A26}.Release|x64.Build.0 = Release|Any CPU
		{5B4B178C-9BB0-4297-A07A-5C69FA861A26}.Release|x86.ActiveCfg = Release|Any CPU
		{5B4B178C-9BB0-4297-A07A-5C69FA861A26}.Release|x86.Build.0 = Release|Any CPU
		{5B4B178C-9BB0-4297-A07A-5C69FA861A26}.Verbose_Release|Any CPU.ActiveCfg = Debug|Any CPU
		{5B4B178C-9BB0-4297-A07A-5C69FA861A26}.Verbose_Release|Any CPU.Build.0 = Debug|Any CPU
		{5B4B178C-9BB0-4297-A07A-5C69FA861A26}.Verbose_Release|x64.ActiveCfg = Debug|Any CPU
		{5B4B178C-9BB0-4297-A07A-5C69FA861A26}.Verbose_Release|x64.Build.0 = Debug|Any CPU
		{5B4B178C-9BB0-4297-A07A-5C69FA861A26}.Verbose_Release|x86.ActiveCfg = Debug|Any CPU
		{5B4B178C-9BB0-4297-A07A-5C69FA861A26}.Verbose_Release|x86.Build.0 = Debug|Any CPU
		{5B4B178C-9BB0-4297-A07A-5C69FA861A26}.Verbose|Any CPU.ActiveCfg = Debug|Any CPU
		{5B4B178C-9BB0-4297-A07A-5C69FA861A26}.Verbose|Any CPU.Build.0 = Debug|Any CPU
		{5B4B178C-9BB0-4297-A07A-5C69FA861A26}.Verbose|x64.ActiveCfg = Debug|Any CPU
		{5B4B178C-9BB0-4297-A07A-5C69FA861A26}.Verbose|x64.Build.0 = Debug|Any CPU
		{5B4B178C-9BB0-4297-A07A-5C69FA861A26}.Verbose|x86.ActiveCfg = Debug|Any CPU
		{5B4B178C-9BB0-4297-A07A-5C69FA861A26}.Verbose|x86.Build.0 = Debug|Any CPU
		{4D1B939A-3C10-4A7B-B6C4-259D50848A5A}.Debug|Any CPU.ActiveCfg = Debug|Any CPU
		{4D1B939A-3C10-4A7B-B6C4-259D50848A5A}.Debug|Any CPU.Build.0 = Debug|Any CPU
		{4D1B939A-3C10-4A7B-B6C4-259D50848A5A}.Debug|x64.ActiveCfg = Debug|Any CPU
		{4D1B939A-3C10-4A7B-B6C4-259D50848A5A}.Debug|x64.Build.0 = Debug|Any CPU
		{4D1B939A-3C10-4A7B-B6C4-259D50848A5A}.Debug|x86.ActiveCfg = Debug|Any CPU
		{4D1B939A-3C10-4A7B-B6C4-259D50848A5A}.Debug|x86.Build.0 = Debug|Any CPU
		{4D1B939A-3C10-4A7B-B6C4-259D50848A5A}.Release|Any CPU.ActiveCfg = Release|Any CPU
		{4D1B939A-3C10-4A7B-B6C4-259D50848A5A}.Release|Any CPU.Build.0 = Release|Any CPU
		{4D1B939A-3C10-4A7B-B6C4-259D50848A5A}.Release|x64.ActiveCfg = Release|Any CPU
		{4D1B939A-3C10-4A7B-B6C4-259D50848A5A}.Release|x64.Build.0 = Release|Any CPU
		{4D1B939A-3C10-4A7B-B6C4-259D50848A5A}.Release|x86.ActiveCfg = Release|Any CPU
		{4D1B939A-3C10-4A7B-B6C4-259D50848A5A}.Release|x86.Build.0 = Release|Any CPU
		{4D1B939A-3C10-4A7B-B6C4-259D50848A5A}.Verbose_Release|Any CPU.ActiveCfg = Debug|Any CPU
		{4D1B939A-3C10-4A7B-B6C4-259D50848A5A}.Verbose_Release|Any CPU.Build.0 = Debug|Any CPU
		{4D1B939A-3C10-4A7B-B6C4-259D50848A5A}.Verbose_Release|x64.ActiveCfg = Debug|Any CPU
		{4D1B939A-3C10-4A7B-B6C4-259D50848A5A}.Verbose_Release|x64.Build.0 = Debug|Any CPU
		{4D1B939A-3C10-4A7B-B6C4-259D50848A5A}.Verbose_Release|x86.ActiveCfg = Debug|Any CPU
		{4D1B939A-3C10-4A7B-B6C4-259D50848A5A}.Verbose_Release|x86.Build.0 = Debug|Any CPU
		{4D1B939A-3C10-4A7B-B6C4-259D50848A5A}.Verbose|Any CPU.ActiveCfg = Debug|Any CPU
		{4D1B939A-3C10-4A7B-B6C4-259D50848A5A}.Verbose|Any CPU.Build.0 = Debug|Any CPU
		{4D1B939A-3C10-4A7B-B6C4-259D50848A5A}.Verbose|x64.ActiveCfg = Debug|Any CPU
		{4D1B939A-3C10-4A7B-B6C4-259D50848A5A}.Verbose|x64.Build.0 = Debug|Any CPU
		{4D1B939A-3C10-4A7B-B6C4-259D50848A5A}.Verbose|x86.ActiveCfg = Debug|Any CPU
		{4D1B939A-3C10-4A7B-B6C4-259D50848A5A}.Verbose|x86.Build.0 = Debug|Any CPU
		{7A570620-E51D-499E-A28E-13A1D8156417}.Debug|Any CPU.ActiveCfg = Debug|Any CPU
		{7A570620-E51D-499E-A28E-13A1D8156417}.Debug|Any CPU.Build.0 = Debug|Any CPU
		{7A570620-E51D-499E-A28E-13A1D8156417}.Debug|x64.ActiveCfg = Debug|Any CPU
		{7A570620-E51D-499E-A28E-13A1D8156417}.Debug|x64.Build.0 = Debug|Any CPU
		{7A570620-E51D-499E-A28E-13A1D8156417}.Debug|x86.ActiveCfg = Debug|Any CPU
		{7A570620-E51D-499E-A28E-13A1D8156417}.Debug|x86.Build.0 = Debug|Any CPU
		{7A570620-E51D-499E-A28E-13A1D8156417}.Release|Any CPU.ActiveCfg = Release|Any CPU
		{7A570620-E51D-499E-A28E-13A1D8156417}.Release|Any CPU.Build.0 = Release|Any CPU
		{7A570620-E51D-499E-A28E-13A1D8156417}.Release|x64.ActiveCfg = Release|Any CPU
		{7A570620-E51D-499E-A28E-13A1D8156417}.Release|x64.Build.0 = Release|Any CPU
		{7A570620-E51D-499E-A28E-13A1D8156417}.Release|x86.ActiveCfg = Release|Any CPU
		{7A570620-E51D-499E-A28E-13A1D8156417}.Release|x86.Build.0 = Release|Any CPU
		{7A570620-E51D-499E-A28E-13A1D8156417}.Verbose_Release|Any CPU.ActiveCfg = Debug|Any CPU
		{7A570620-E51D-499E-A28E-13A1D8156417}.Verbose_Release|Any CPU.Build.0 = Debug|Any CPU
		{7A570620-E51D-499E-A28E-13A1D8156417}.Verbose_Release|x64.ActiveCfg = Debug|Any CPU
		{7A570620-E51D-499E-A28E-13A1D8156417}.Verbose_Release|x64.Build.0 = Debug|Any CPU
		{7A570620-E51D-499E-A28E-13A1D8156417}.Verbose_Release|x86.ActiveCfg = Debug|Any CPU
		{7A570620-E51D-499E-A28E-13A1D8156417}.Verbose_Release|x86.Build.0 = Debug|Any CPU
		{7A570620-E51D-499E-A28E-13A1D8156417}.Verbose|Any CPU.ActiveCfg = Debug|Any CPU
		{7A570620-E51D-499E-A28E-13A1D8156417}.Verbose|Any CPU.Build.0 = Debug|Any CPU
		{7A570620-E51D-499E-A28E-13A1D8156417}.Verbose|x64.ActiveCfg = Debug|Any CPU
		{7A570620-E51D-499E-A28E-13A1D8156417}.Verbose|x64.Build.0 = Debug|Any CPU
		{7A570620-E51D-499E-A28E-13A1D8156417}.Verbose|x86.ActiveCfg = Debug|Any CPU
		{7A570620-E51D-499E-A28E-13A1D8156417}.Verbose|x86.Build.0 = Debug|Any CPU
		{638F6D72-7BC0-4235-A3E4-A6C5B4CBA4A1}.Debug|Any CPU.ActiveCfg = Debug|Any CPU
		{638F6D72-7BC0-4235-A3E4-A6C5B4CBA4A1}.Debug|Any CPU.Build.0 = Debug|Any CPU
		{638F6D72-7BC0-4235-A3E4-A6C5B4CBA4A1}.Debug|x64.ActiveCfg = Debug|Any CPU
		{638F6D72-7BC0-4235-A3E4-A6C5B4CBA4A1}.Debug|x64.Build.0 = Debug|Any CPU
		{638F6D72-7BC0-4235-A3E4-A6C5B4CBA4A1}.Debug|x86.ActiveCfg = Debug|Any CPU
		{638F6D72-7BC0-4235-A3E4-A6C5B4CBA4A1}.Debug|x86.Build.0 = Debug|Any CPU
		{638F6D72-7BC0-4235-A3E4-A6C5B4CBA4A1}.Release|Any CPU.ActiveCfg = Release|Any CPU
		{638F6D72-7BC0-4235-A3E4-A6C5B4CBA4A1}.Release|Any CPU.Build.0 = Release|Any CPU
		{638F6D72-7BC0-4235-A3E4-A6C5B4CBA4A1}.Release|x64.ActiveCfg = Release|Any CPU
		{638F6D72-7BC0-4235-A3E4-A6C5B4CBA4A1}.Release|x64.Build.0 = Release|Any CPU
		{638F6D72-7BC0-4235-A3E4-A6C5B4CBA4A1}.Release|x86.ActiveCfg = Release|Any CPU
		{638F6D72-7BC0-4235-A3E4-A6C5B4CBA4A1}.Release|x86.Build.0 = Release|Any CPU
		{638F6D72-7BC0-4235-A3E4-A6C5B4CBA4A1}.Verbose_Release|Any CPU.ActiveCfg = Debug|Any CPU
		{638F6D72-7BC0-4235-A3E4-A6C5B4CBA4A1}.Verbose_Release|Any CPU.Build.0 = Debug|Any CPU
		{638F6D72-7BC0-4235-A3E4-A6C5B4CBA4A1}.Verbose_Release|x64.ActiveCfg = Debug|Any CPU
		{638F6D72-7BC0-4235-A3E4-A6C5B4CBA4A1}.Verbose_Release|x64.Build.0 = Debug|Any CPU
		{638F6D72-7BC0-4235-A3E4-A6C5B4CBA4A1}.Verbose_Release|x86.ActiveCfg = Debug|Any CPU
		{638F6D72-7BC0-4235-A3E4-A6C5B4CBA4A1}.Verbose_Release|x86.Build.0 = Debug|Any CPU
		{638F6D72-7BC0-4235-A3E4-A6C5B4CBA4A1}.Verbose|Any CPU.ActiveCfg = Debug|Any CPU
		{638F6D72-7BC0-4235-A3E4-A6C5B4CBA4A1}.Verbose|Any CPU.Build.0 = Debug|Any CPU
		{638F6D72-7BC0-4235-A3E4-A6C5B4CBA4A1}.Verbose|x64.ActiveCfg = Debug|Any CPU
		{638F6D72-7BC0-4235-A3E4-A6C5B4CBA4A1}.Verbose|x64.Build.0 = Debug|Any CPU
		{638F6D72-7BC0-4235-A3E4-A6C5B4CBA4A1}.Verbose|x86.ActiveCfg = Debug|Any CPU
		{638F6D72-7BC0-4235-A3E4-A6C5B4CBA4A1}.Verbose|x86.Build.0 = Debug|Any CPU
		{BE6A0D75-5694-4C52-835A-97F2948BE181}.Debug|Any CPU.ActiveCfg = Debug|Any CPU
		{BE6A0D75-5694-4C52-835A-97F2948BE181}.Debug|Any CPU.Build.0 = Debug|Any CPU
		{BE6A0D75-5694-4C52-835A-97F2948BE181}.Debug|x64.ActiveCfg = Debug|Any CPU
		{BE6A0D75-5694-4C52-835A-97F2948BE181}.Debug|x64.Build.0 = Debug|Any CPU
		{BE6A0D75-5694-4C52-835A-97F2948BE181}.Debug|x86.ActiveCfg = Debug|Any CPU
		{BE6A0D75-5694-4C52-835A-97F2948BE181}.Debug|x86.Build.0 = Debug|Any CPU
		{BE6A0D75-5694-4C52-835A-97F2948BE181}.Release|Any CPU.ActiveCfg = Release|Any CPU
		{BE6A0D75-5694-4C52-835A-97F2948BE181}.Release|Any CPU.Build.0 = Release|Any CPU
		{BE6A0D75-5694-4C52-835A-97F2948BE181}.Release|x64.ActiveCfg = Release|Any CPU
		{BE6A0D75-5694-4C52-835A-97F2948BE181}.Release|x64.Build.0 = Release|Any CPU
		{BE6A0D75-5694-4C52-835A-97F2948BE181}.Release|x86.ActiveCfg = Release|Any CPU
		{BE6A0D75-5694-4C52-835A-97F2948BE181}.Release|x86.Build.0 = Release|Any CPU
		{BE6A0D75-5694-4C52-835A-97F2948BE181}.Verbose_Release|Any CPU.ActiveCfg = Debug|Any CPU
		{BE6A0D75-5694-4C52-835A-97F2948BE181}.Verbose_Release|Any CPU.Build.0 = Debug|Any CPU
		{BE6A0D75-5694-4C52-835A-97F2948BE181}.Verbose_Release|x64.ActiveCfg = Debug|Any CPU
		{BE6A0D75-5694-4C52-835A-97F2948BE181}.Verbose_Release|x64.Build.0 = Debug|Any CPU
		{BE6A0D75-5694-4C52-835A-97F2948BE181}.Verbose_Release|x86.ActiveCfg = Debug|Any CPU
		{BE6A0D75-5694-4C52-835A-97F2948BE181}.Verbose_Release|x86.Build.0 = Debug|Any CPU
		{BE6A0D75-5694-4C52-835A-97F2948BE181}.Verbose|Any CPU.ActiveCfg = Debug|Any CPU
		{BE6A0D75-5694-4C52-835A-97F2948BE181}.Verbose|Any CPU.Build.0 = Debug|Any CPU
		{BE6A0D75-5694-4C52-835A-97F2948BE181}.Verbose|x64.ActiveCfg = Debug|Any CPU
		{BE6A0D75-5694-4C52-835A-97F2948BE181}.Verbose|x64.Build.0 = Debug|Any CPU
		{BE6A0D75-5694-4C52-835A-97F2948BE181}.Verbose|x86.ActiveCfg = Debug|Any CPU
		{BE6A0D75-5694-4C52-835A-97F2948BE181}.Verbose|x86.Build.0 = Debug|Any CPU
		{8E5FB062-8C28-4E46-8424-CD3D3EBD8DCC}.Debug|Any CPU.ActiveCfg = Debug|Any CPU
		{8E5FB062-8C28-4E46-8424-CD3D3EBD8DCC}.Debug|Any CPU.Build.0 = Debug|Any CPU
		{8E5FB062-8C28-4E46-8424-CD3D3EBD8DCC}.Debug|x64.ActiveCfg = Debug|Any CPU
		{8E5FB062-8C28-4E46-8424-CD3D3EBD8DCC}.Debug|x64.Build.0 = Debug|Any CPU
		{8E5FB062-8C28-4E46-8424-CD3D3EBD8DCC}.Debug|x86.ActiveCfg = Debug|Any CPU
		{8E5FB062-8C28-4E46-8424-CD3D3EBD8DCC}.Debug|x86.Build.0 = Debug|Any CPU
		{8E5FB062-8C28-4E46-8424-CD3D3EBD8DCC}.Release|Any CPU.ActiveCfg = Release|Any CPU
		{8E5FB062-8C28-4E46-8424-CD3D3EBD8DCC}.Release|Any CPU.Build.0 = Release|Any CPU
		{8E5FB062-8C28-4E46-8424-CD3D3EBD8DCC}.Release|x64.ActiveCfg = Release|Any CPU
		{8E5FB062-8C28-4E46-8424-CD3D3EBD8DCC}.Release|x64.Build.0 = Release|Any CPU
		{8E5FB062-8C28-4E46-8424-CD3D3EBD8DCC}.Release|x86.ActiveCfg = Release|Any CPU
		{8E5FB062-8C28-4E46-8424-CD3D3EBD8DCC}.Release|x86.Build.0 = Release|Any CPU
		{8E5FB062-8C28-4E46-8424-CD3D3EBD8DCC}.Verbose_Release|Any CPU.ActiveCfg = Debug|Any CPU
		{8E5FB062-8C28-4E46-8424-CD3D3EBD8DCC}.Verbose_Release|Any CPU.Build.0 = Debug|Any CPU
		{8E5FB062-8C28-4E46-8424-CD3D3EBD8DCC}.Verbose_Release|x64.ActiveCfg = Debug|Any CPU
		{8E5FB062-8C28-4E46-8424-CD3D3EBD8DCC}.Verbose_Release|x64.Build.0 = Debug|Any CPU
		{8E5FB062-8C28-4E46-8424-CD3D3EBD8DCC}.Verbose_Release|x86.ActiveCfg = Debug|Any CPU
		{8E5FB062-8C28-4E46-8424-CD3D3EBD8DCC}.Verbose_Release|x86.Build.0 = Debug|Any CPU
		{8E5FB062-8C28-4E46-8424-CD3D3EBD8DCC}.Verbose|Any CPU.ActiveCfg = Debug|Any CPU
		{8E5FB062-8C28-4E46-8424-CD3D3EBD8DCC}.Verbose|Any CPU.Build.0 = Debug|Any CPU
		{8E5FB062-8C28-4E46-8424-CD3D3EBD8DCC}.Verbose|x64.ActiveCfg = Debug|Any CPU
		{8E5FB062-8C28-4E46-8424-CD3D3EBD8DCC}.Verbose|x64.Build.0 = Debug|Any CPU
		{8E5FB062-8C28-4E46-8424-CD3D3EBD8DCC}.Verbose|x86.ActiveCfg = Debug|Any CPU
		{8E5FB062-8C28-4E46-8424-CD3D3EBD8DCC}.Verbose|x86.Build.0 = Debug|Any CPU
		{F6B6D291-4185-4404-9781-B7483271CAAC}.Debug|Any CPU.ActiveCfg = Debug|Any CPU
		{F6B6D291-4185-4404-9781-B7483271CAAC}.Debug|Any CPU.Build.0 = Debug|Any CPU
		{F6B6D291-4185-4404-9781-B7483271CAAC}.Debug|x64.ActiveCfg = Debug|Any CPU
		{F6B6D291-4185-4404-9781-B7483271CAAC}.Debug|x64.Build.0 = Debug|Any CPU
		{F6B6D291-4185-4404-9781-B7483271CAAC}.Debug|x86.ActiveCfg = Debug|Any CPU
		{F6B6D291-4185-4404-9781-B7483271CAAC}.Debug|x86.Build.0 = Debug|Any CPU
		{F6B6D291-4185-4404-9781-B7483271CAAC}.Release|Any CPU.ActiveCfg = Release|Any CPU
		{F6B6D291-4185-4404-9781-B7483271CAAC}.Release|Any CPU.Build.0 = Release|Any CPU
		{F6B6D291-4185-4404-9781-B7483271CAAC}.Release|x64.ActiveCfg = Release|Any CPU
		{F6B6D291-4185-4404-9781-B7483271CAAC}.Release|x64.Build.0 = Release|Any CPU
		{F6B6D291-4185-4404-9781-B7483271CAAC}.Release|x86.ActiveCfg = Release|Any CPU
		{F6B6D291-4185-4404-9781-B7483271CAAC}.Release|x86.Build.0 = Release|Any CPU
		{F6B6D291-4185-4404-9781-B7483271CAAC}.Verbose_Release|Any CPU.ActiveCfg = Debug|Any CPU
		{F6B6D291-4185-4404-9781-B7483271CAAC}.Verbose_Release|Any CPU.Build.0 = Debug|Any CPU
		{F6B6D291-4185-4404-9781-B7483271CAAC}.Verbose_Release|x64.ActiveCfg = Debug|Any CPU
		{F6B6D291-4185-4404-9781-B7483271CAAC}.Verbose_Release|x64.Build.0 = Debug|Any CPU
		{F6B6D291-4185-4404-9781-B7483271CAAC}.Verbose_Release|x86.ActiveCfg = Debug|Any CPU
		{F6B6D291-4185-4404-9781-B7483271CAAC}.Verbose_Release|x86.Build.0 = Debug|Any CPU
		{F6B6D291-4185-4404-9781-B7483271CAAC}.Verbose|Any CPU.ActiveCfg = Debug|Any CPU
		{F6B6D291-4185-4404-9781-B7483271CAAC}.Verbose|Any CPU.Build.0 = Debug|Any CPU
		{F6B6D291-4185-4404-9781-B7483271CAAC}.Verbose|x64.ActiveCfg = Debug|Any CPU
		{F6B6D291-4185-4404-9781-B7483271CAAC}.Verbose|x64.Build.0 = Debug|Any CPU
		{F6B6D291-4185-4404-9781-B7483271CAAC}.Verbose|x86.ActiveCfg = Debug|Any CPU
		{F6B6D291-4185-4404-9781-B7483271CAAC}.Verbose|x86.Build.0 = Debug|Any CPU
		{2343835F-8DA6-4CAB-B5A9-D86C83A9A40D}.Debug|Any CPU.ActiveCfg = Debug|Any CPU
		{2343835F-8DA6-4CAB-B5A9-D86C83A9A40D}.Debug|Any CPU.Build.0 = Debug|Any CPU
		{2343835F-8DA6-4CAB-B5A9-D86C83A9A40D}.Debug|x64.ActiveCfg = Debug|Any CPU
		{2343835F-8DA6-4CAB-B5A9-D86C83A9A40D}.Debug|x64.Build.0 = Debug|Any CPU
		{2343835F-8DA6-4CAB-B5A9-D86C83A9A40D}.Debug|x86.ActiveCfg = Debug|Any CPU
		{2343835F-8DA6-4CAB-B5A9-D86C83A9A40D}.Debug|x86.Build.0 = Debug|Any CPU
		{2343835F-8DA6-4CAB-B5A9-D86C83A9A40D}.Release|Any CPU.ActiveCfg = Release|Any CPU
		{2343835F-8DA6-4CAB-B5A9-D86C83A9A40D}.Release|Any CPU.Build.0 = Release|Any CPU
		{2343835F-8DA6-4CAB-B5A9-D86C83A9A40D}.Release|x64.ActiveCfg = Release|Any CPU
		{2343835F-8DA6-4CAB-B5A9-D86C83A9A40D}.Release|x64.Build.0 = Release|Any CPU
		{2343835F-8DA6-4CAB-B5A9-D86C83A9A40D}.Release|x86.ActiveCfg = Release|Any CPU
		{2343835F-8DA6-4CAB-B5A9-D86C83A9A40D}.Release|x86.Build.0 = Release|Any CPU
		{2343835F-8DA6-4CAB-B5A9-D86C83A9A40D}.Verbose_Release|Any CPU.ActiveCfg = Debug|Any CPU
		{2343835F-8DA6-4CAB-B5A9-D86C83A9A40D}.Verbose_Release|Any CPU.Build.0 = Debug|Any CPU
		{2343835F-8DA6-4CAB-B5A9-D86C83A9A40D}.Verbose_Release|x64.ActiveCfg = Debug|Any CPU
		{2343835F-8DA6-4CAB-B5A9-D86C83A9A40D}.Verbose_Release|x64.Build.0 = Debug|Any CPU
		{2343835F-8DA6-4CAB-B5A9-D86C83A9A40D}.Verbose_Release|x86.ActiveCfg = Debug|Any CPU
		{2343835F-8DA6-4CAB-B5A9-D86C83A9A40D}.Verbose_Release|x86.Build.0 = Debug|Any CPU
		{2343835F-8DA6-4CAB-B5A9-D86C83A9A40D}.Verbose|Any CPU.ActiveCfg = Debug|Any CPU
		{2343835F-8DA6-4CAB-B5A9-D86C83A9A40D}.Verbose|Any CPU.Build.0 = Debug|Any CPU
		{2343835F-8DA6-4CAB-B5A9-D86C83A9A40D}.Verbose|x64.ActiveCfg = Debug|Any CPU
		{2343835F-8DA6-4CAB-B5A9-D86C83A9A40D}.Verbose|x64.Build.0 = Debug|Any CPU
		{2343835F-8DA6-4CAB-B5A9-D86C83A9A40D}.Verbose|x86.ActiveCfg = Debug|Any CPU
		{2343835F-8DA6-4CAB-B5A9-D86C83A9A40D}.Verbose|x86.Build.0 = Debug|Any CPU
	EndGlobalSection
	GlobalSection(SolutionProperties) = preSolution
		HideSolutionNode = FALSE
	EndGlobalSection
	GlobalSection(NestedProjects) = preSolution
		{86FA87A4-554D-7FD3-E7FA-07CF08F2607B} = {955B2011-13A4-7B01-12D5-DA05E5CA489E}
		{D982DFB0-FEA1-4DC8-A001-35F5181F212A} = {86FA87A4-554D-7FD3-E7FA-07CF08F2607B}
		{E66E5429-9C06-480C-1490-3AE9C343C7B4} = {955B2011-13A4-7B01-12D5-DA05E5CA489E}
		{A5F28666-878B-4C48-A7DA-4A19BFC79F02} = {E66E5429-9C06-480C-1490-3AE9C343C7B4}
		{C9B4455E-B953-D43C-1306-8F6858A8729B} = {955B2011-13A4-7B01-12D5-DA05E5CA489E}
		{ADAEC1F0-6882-42D6-9016-E79C9EBA1605} = {C9B4455E-B953-D43C-1306-8F6858A8729B}
		{ECA9F4AD-77F7-253B-20D4-45A77E590D54} = {955B2011-13A4-7B01-12D5-DA05E5CA489E}
		{5B4B178C-9BB0-4297-A07A-5C69FA861A26} = {ECA9F4AD-77F7-253B-20D4-45A77E590D54}
		{D459D5A1-8460-2948-B6C6-81F3C1216BDB} = {955B2011-13A4-7B01-12D5-DA05E5CA489E}
		{4D1B939A-3C10-4A7B-B6C4-259D50848A5A} = {D459D5A1-8460-2948-B6C6-81F3C1216BDB}
		{B9F3EFD9-8792-DBB5-53D5-5D013E0311F9} = {955B2011-13A4-7B01-12D5-DA05E5CA489E}
		{7A570620-E51D-499E-A28E-13A1D8156417} = {B9F3EFD9-8792-DBB5-53D5-5D013E0311F9}
		{F6B6D291-4185-4404-9781-B7483271CAAC} = {B9F3EFD9-8792-DBB5-53D5-5D013E0311F9}
		{5A426A6F-C819-4655-893C-5A53BEF192EF} = {955B2011-13A4-7B01-12D5-DA05E5CA489E}
		{2343835F-8DA6-4CAB-B5A9-D86C83A9A40D} = {5A426A6F-C819-4655-893C-5A53BEF192EF}
		{401E6CF6-6FDB-819D-B348-2A4162B7B24D} = {955B2011-13A4-7B01-12D5-DA05E5CA489E}
		{638F6D72-7BC0-4235-A3E4-A6C5B4CBA4A1} = {401E6CF6-6FDB-819D-B348-2A4162B7B24D}
		{BE6A0D75-5694-4C52-835A-97F2948BE181} = {E66E5429-9C06-480C-1490-3AE9C343C7B4}
	EndGlobalSection
	GlobalSection(ExtensibilityGlobals) = postSolution
		SolutionGuid = {4EF47C82-18DC-4E9E-A878-8C003FFB303D}
	EndGlobalSection
EndGlobal
