
Microsoft Visual Studio Solution File, Format Version 12.00
# Visual Studio Version 17
VisualStudioVersion = 17.14.36301.6
MinimumVisualStudioVersion = 10.0.40219.1
Project("{FAE04EC0-301F-11D3-BF4B-00C04F79EFBC}") = "ManagerGUI", "Manager\ManagerGUI.csproj", "{5297E8BC-3D78-4904-9A81-001A86E02F15}"
	ProjectSection(ProjectDependencies) = postProject
		{3C99D6BF-A4A9-45DC-BEF1-5717ECE2A687} = {3C99D6BF-A4A9-45DC-BEF1-5717ECE2A687}
		{62B61CCC-0775-4CF4-B37A-EB5E33CBD08C} = {62B61CCC-0775-4CF4-B37A-EB5E33CBD08C}
	EndProjectSection
EndProject
Project("{FAE04EC0-301F-11D3-BF4B-00C04F79EFBC}") = "ModAPI", "ModAPI\ModAPI.csproj", "{3C99D6BF-A4A9-45DC-BEF1-5717ECE2A687}"
EndProject
Project("{FAE04EC0-301F-11D3-BF4B-00C04F79EFBC}") = "Doorstop", "Doorstop\Doorstop.csproj", "{62B61CCC-0775-4CF4-B37A-EB5E33CBD08C}"
EndProject
Project("{FAE04EC0-301F-11D3-BF4B-00C04F79EFBC}") = "Decompiler", "Decompiler\Decompiler.csproj", "{8410D00E-3E4A-4D0E-A66B-A023E33818F1}"
EndProject
Project("{FAE04EC0-301F-11D3-BF4B-00C04F79EFBC}") = "ShelteredAPI", "ShelteredAPI\ShelteredAPI.csproj", "{85DA57B6-F996-4E06-93ED-021D9C711C7F}"
EndProject
Global
	GlobalSection(SolutionConfigurationPlatforms) = preSolution
		Debug|Any CPU = Debug|Any CPU
		Debug|x64 = Debug|x64
		Debug|x86 = Debug|x86
		Release|Any CPU = Release|Any CPU
		Release|x64 = Release|x64
		Release|x86 = Release|x86
		Verbose_Release|Any CPU = Verbose_Release|Any CPU
		Verbose_Release|x64 = Verbose_Release|x64
		Verbose_Release|x86 = Verbose_Release|x86
		Verbose|Any CPU = Verbose|Any CPU
		Verbose|x64 = Verbose|x64
		Verbose|x86 = Verbose|x86
	EndGlobalSection
	GlobalSection(ProjectConfigurationPlatforms) = postSolution
		{5297E8BC-3D78-4904-9A81-001A86E02F15}.Debug|Any CPU.ActiveCfg = Debug|Any CPU
		{5297E8BC-3D78-4904-9A81-001A86E02F15}.Debug|Any CPU.Build.0 = Debug|Any CPU
		{5297E8BC-3D78-4904-9A81-001A86E02F15}.Debug|x64.ActiveCfg = Debug|Any CPU
		{5297E8BC-3D78-4904-9A81-001A86E02F15}.Debug|x64.Build.0 = Debug|Any CPU
		{5297E8BC-3D78-4904-9A81-001A86E02F15}.Debug|x86.ActiveCfg = Debug|Any CPU
		{5297E8BC-3D78-4904-9A81-001A86E02F15}.Debug|x86.Build.0 = Debug|Any CPU
		{5297E8BC-3D78-4904-9A81-001A86E02F15}.Release|Any CPU.ActiveCfg = Release|Any CPU
		{5297E8BC-3D78-4904-9A81-001A86E02F15}.Release|Any CPU.Build.0 = Release|Any CPU
		{5297E8BC-3D78-4904-9A81-001A86E02F15}.Release|x64.ActiveCfg = Release|Any CPU
		{5297E8BC-3D78-4904-9A81-001A86E02F15}.Release|x64.Build.0 = Release|Any CPU
		{5297E8BC-3D78-4904-9A81-001A86E02F15}.Release|x86.ActiveCfg = Release|Any CPU
		{5297E8BC-3D78-4904-9A81-001A86E02F15}.Release|x86.Build.0 = Release|Any CPU
		{5297E8BC-3D78-4904-9A81-001A86E02F15}.Verbose_Release|Any CPU.ActiveCfg = Release|Any CPU
		{5297E8BC-3D78-4904-9A81-001A86E02F15}.Verbose_Release|Any CPU.Build.0 = Release|Any CPU
		{5297E8BC-3D78-4904-9A81-001A86E02F15}.Verbose_Release|x64.ActiveCfg = Release|Any CPU
		{5297E8BC-3D78-4904-9A81-001A86E02F15}.Verbose_Release|x64.Build.0 = Release|Any CPU
		{5297E8BC-3D78-4904-9A81-001A86E02F15}.Verbose_Release|x86.ActiveCfg = Release|Any CPU
		{5297E8BC-3D78-4904-9A81-001A86E02F15}.Verbose_Release|x86.Build.0 = Release|Any CPU
		{5297E8BC-3D78-4904-9A81-001A86E02F15}.Verbose|Any CPU.ActiveCfg = Release|Any CPU
		{5297E8BC-3D78-4904-9A81-001A86E02F15}.Verbose|Any CPU.Build.0 = Release|Any CPU
		{5297E8BC-3D78-4904-9A81-001A86E02F15}.Verbose|x64.ActiveCfg = Release|Any CPU
		{5297E8BC-3D78-4904-9A81-001A86E02F15}.Verbose|x64.Build.0 = Release|Any CPU
		{5297E8BC-3D78-4904-9A81-001A86E02F15}.Verbose|x86.ActiveCfg = Release|Any CPU
		{5297E8BC-3D78-4904-9A81-001A86E02F15}.Verbose|x86.Build.0 = Release|Any CPU
		{3C99D6BF-A4A9-45DC-BEF1-5717ECE2A687}.Debug|Any CPU.ActiveCfg = Debug|Any CPU
		{3C99D6BF-A4A9-45DC-BEF1-5717ECE2A687}.Debug|Any CPU.Build.0 = Debug|Any CPU
		{3C99D6BF-A4A9-45DC-BEF1-5717ECE2A687}.Debug|x64.ActiveCfg = Debug|Any CPU
		{3C99D6BF-A4A9-45DC-BEF1-5717ECE2A687}.Debug|x64.Build.0 = Debug|Any CPU
		{3C99D6BF-A4A9-45DC-BEF1-5717ECE2A687}.Debug|x86.ActiveCfg = Debug|Any CPU
		{3C99D6BF-A4A9-45DC-BEF1-5717ECE2A687}.Debug|x86.Build.0 = Debug|Any CPU
		{3C99D6BF-A4A9-45DC-BEF1-5717ECE2A687}.Release|Any CPU.ActiveCfg = Release|Any CPU
		{3C99D6BF-A4A9-45DC-BEF1-5717ECE2A687}.Release|Any CPU.Build.0 = Release|Any CPU
		{3C99D6BF-A4A9-45DC-BEF1-5717ECE2A687}.Release|x64.ActiveCfg = Release|Any CPU
		{3C99D6BF-A4A9-45DC-BEF1-5717ECE2A687}.Release|x64.Build.0 = Release|Any CPU
		{3C99D6BF-A4A9-45DC-BEF1-5717ECE2A687}.Release|x86.ActiveCfg = Release|Any CPU
		{3C99D6BF-A4A9-45DC-BEF1-5717ECE2A687}.Release|x86.Build.0 = Release|Any CPU
		{3C99D6BF-A4A9-45DC-BEF1-5717ECE2A687}.Verbose_Release|Any CPU.ActiveCfg = Release|Any CPU
		{3C99D6BF-A4A9-45DC-BEF1-5717ECE2A687}.Verbose_Release|Any CPU.Build.0 = Release|Any CPU
		{3C99D6BF-A4A9-45DC-BEF1-5717ECE2A687}.Verbose_Release|x64.ActiveCfg = Release|Any CPU
		{3C99D6BF-A4A9-45DC-BEF1-5717ECE2A687}.Verbose_Release|x64.Build.0 = Release|Any CPU
		{3C99D6BF-A4A9-45DC-BEF1-5717ECE2A687}.Verbose_Release|x86.ActiveCfg = Release|Any CPU
		{3C99D6BF-A4A9-45DC-BEF1-5717ECE2A687}.Verbose_Release|x86.Build.0 = Release|Any CPU
		{3C99D6BF-A4A9-45DC-BEF1-5717ECE2A687}.Verbose|Any CPU.ActiveCfg = Release|Any CPU
		{3C99D6BF-A4A9-45DC-BEF1-5717ECE2A687}.Verbose|Any CPU.Build.0 = Release|Any CPU
		{3C99D6BF-A4A9-45DC-BEF1-5717ECE2A687}.Verbose|x64.ActiveCfg = Release|Any CPU
		{3C99D6BF-A4A9-45DC-BEF1-5717ECE2A687}.Verbose|x64.Build.0 = Release|Any CPU
		{3C99D6BF-A4A9-45DC-BEF1-5717ECE2A687}.Verbose|x86.ActiveCfg = Release|Any CPU
		{3C99D6BF-A4A9-45DC-BEF1-5717ECE2A687}.Verbose|x86.Build.0 = Release|Any CPU
		{62B61CCC-0775-4CF4-B37A-EB5E33CBD08C}.Debug|Any CPU.ActiveCfg = Debug|Any CPU
		{62B61CCC-0775-4CF4-B37A-EB5E33CBD08C}.Debug|Any CPU.Build.0 = Debug|Any CPU
		{62B61CCC-0775-4CF4-B37A-EB5E33CBD08C}.Debug|x64.ActiveCfg = Debug|Any CPU
		{62B61CCC-0775-4CF4-B37A-EB5E33CBD08C}.Debug|x64.Build.0 = Debug|Any CPU
		{62B61CCC-0775-4CF4-B37A-EB5E33CBD08C}.Debug|x86.ActiveCfg = Debug|Any CPU
		{62B61CCC-0775-4CF4-B37A-EB5E33CBD08C}.Debug|x86.Build.0 = Debug|Any CPU
		{62B61CCC-0775-4CF4-B37A-EB5E33CBD08C}.Release|Any CPU.ActiveCfg = Release|Any CPU
		{62B61CCC-0775-4CF4-B37A-EB5E33CBD08C}.Release|Any CPU.Build.0 = Release|Any CPU
		{62B61CCC-0775-4CF4-B37A-EB5E33CBD08C}.Release|x64.ActiveCfg = Release|Any CPU
		{62B61CCC-0775-4CF4-B37A-EB5E33CBD08C}.Release|x64.Build.0 = Release|Any CPU
		{62B61CCC-0775-4CF4-B37A-EB5E33CBD08C}.Release|x86.ActiveCfg = Release|Any CPU
		{62B61CCC-0775-4CF4-B37A-EB5E33CBD08C}.Release|x86.Build.0 = Release|Any CPU
		{62B61CCC-0775-4CF4-B37A-EB5E33CBD08C}.Verbose_Release|Any CPU.ActiveCfg = Verbose_Release|Any CPU
		{62B61CCC-0775-4CF4-B37A-EB5E33CBD08C}.Verbose_Release|Any CPU.Build.0 = Verbose_Release|Any CPU
		{62B61CCC-0775-4CF4-B37A-EB5E33CBD08C}.Verbose_Release|x64.ActiveCfg = Verbose_Release|Any CPU
		{62B61CCC-0775-4CF4-B37A-EB5E33CBD08C}.Verbose_Release|x64.Build.0 = Verbose_Release|Any CPU
		{62B61CCC-0775-4CF4-B37A-EB5E33CBD08C}.Verbose_Release|x86.ActiveCfg = Verbose_Release|Any CPU
		{62B61CCC-0775-4CF4-B37A-EB5E33CBD08C}.Verbose_Release|x86.Build.0 = Verbose_Release|Any CPU
		{62B61CCC-0775-4CF4-B37A-EB5E33CBD08C}.Verbose|Any CPU.ActiveCfg = Verbose|Any CPU
		{62B61CCC-0775-4CF4-B37A-EB5E33CBD08C}.Verbose|Any CPU.Build.0 = Verbose|Any CPU
		{62B61CCC-0775-4CF4-B37A-EB5E33CBD08C}.Verbose|x64.ActiveCfg = Verbose|Any CPU
		{62B61CCC-0775-4CF4-B37A-EB5E33CBD08C}.Verbose|x64.Build.0 = Verbose|Any CPU
		{62B61CCC-0775-4CF4-B37A-EB5E33CBD08C}.Verbose|x86.ActiveCfg = Verbose|Any CPU
		{62B61CCC-0775-4CF4-B37A-EB5E33CBD08C}.Verbose|x86.Build.0 = Verbose|Any CPU
		{8410D00E-3E4A-4D0E-A66B-A023E33818F1}.Debug|Any CPU.ActiveCfg = Debug|Any CPU
		{8410D00E-3E4A-4D0E-A66B-A023E33818F1}.Debug|Any CPU.Build.0 = Debug|Any CPU
		{8410D00E-3E4A-4D0E-A66B-A023E33818F1}.Debug|x64.ActiveCfg = Debug|Any CPU
		{8410D00E-3E4A-4D0E-A66B-A023E33818F1}.Debug|x64.Build.0 = Debug|Any CPU
		{8410D00E-3E4A-4D0E-A66B-A023E33818F1}.Debug|x86.ActiveCfg = Debug|Any CPU
		{8410D00E-3E4A-4D0E-A66B-A023E33818F1}.Debug|x86.Build.0 = Debug|Any CPU
		{8410D00E-3E4A-4D0E-A66B-A023E33818F1}.Release|Any CPU.ActiveCfg = Release|Any CPU
		{8410D00E-3E4A-4D0E-A66B-A023E33818F1}.Release|Any CPU.Build.0 = Release|Any CPU
		{8410D00E-3E4A-4D0E-A66B-A023E33818F1}.Release|x64.ActiveCfg = Release|Any CPU
		{8410D00E-3E4A-4D0E-A66B-A023E33818F1}.Release|x64.Build.0 = Release|Any CPU
		{8410D00E-3E4A-4D0E-A66B-A023E33818F1}.Release|x86.ActiveCfg = Release|Any CPU
		{8410D00E-3E4A-4D0E-A66B-A023E33818F1}.Release|x86.Build.0 = Release|Any CPU
		{8410D00E-3E4A-4D0E-A66B-A023E33818F1}.Verbose_Release|Any CPU.ActiveCfg = Release|Any CPU
		{8410D00E-3E4A-4D0E-A66B-A023E33818F1}.Verbose_Release|Any CPU.Build.0 = Release|Any CPU
		{8410D00E-3E4A-4D0E-A66B-A023E33818F1}.Verbose_Release|x64.ActiveCfg = Release|Any CPU
		{8410D00E-3E4A-4D0E-A66B-A023E33818F1}.Verbose_Release|x64.Build.0 = Release|Any CPU
		{8410D00E-3E4A-4D0E-A66B-A023E33818F1}.Verbose_Release|x86.ActiveCfg = Release|Any CPU
		{8410D00E-3E4A-4D0E-A66B-A023E33818F1}.Verbose_Release|x86.Build.0 = Release|Any CPU
		{8410D00E-3E4A-4D0E-A66B-A023E33818F1}.Verbose|Any CPU.ActiveCfg = Debug|Any CPU
		{8410D00E-3E4A-4D0E-A66B-A023E33818F1}.Verbose|Any CPU.Build.0 = Debug|Any CPU
		{8410D00E-3E4A-4D0E-A66B-A023E33818F1}.Verbose|x64.ActiveCfg = Debug|Any CPU
		{8410D00E-3E4A-4D0E-A66B-A023E33818F1}.Verbose|x64.Build.0 = Debug|Any CPU
		{8410D00E-3E4A-4D0E-A66B-A023E33818F1}.Verbose|x86.ActiveCfg = Debug|Any CPU
		{8410D00E-3E4A-4D0E-A66B-A023E33818F1}.Verbose|x86.Build.0 = Debug|Any CPU
		{85DA57B6-F996-4E06-93ED-021D9C711C7F}.Debug|Any CPU.ActiveCfg = Debug|Any CPU
		{85DA57B6-F996-4E06-93ED-021D9C711C7F}.Debug|Any CPU.Build.0 = Debug|Any CPU
		{85DA57B6-F996-4E06-93ED-021D9C711C7F}.Debug|x64.ActiveCfg = Debug|Any CPU
		{85DA57B6-F996-4E06-93ED-021D9C711C7F}.Debug|x64.Build.0 = Debug|Any CPU
		{85DA57B6-F996-4E06-93ED-021D9C711C7F}.Debug|x86.ActiveCfg = Debug|Any CPU
		{85DA57B6-F996-4E06-93ED-021D9C711C7F}.Debug|x86.Build.0 = Debug|Any CPU
		{85DA57B6-F996-4E06-93ED-021D9C711C7F}.Release|Any CPU.ActiveCfg = Release|Any CPU
		{85DA57B6-F996-4E06-93ED-021D9C711C7F}.Release|Any CPU.Build.0 = Release|Any CPU
		{85DA57B6-F996-4E06-93ED-021D9C711C7F}.Release|x64.ActiveCfg = Release|Any CPU
		{85DA57B6-F996-4E06-93ED-021D9C711C7F}.Release|x64.Build.0 = Release|Any CPU
		{85DA57B6-F996-4E06-93ED-021D9C711C7F}.Release|x86.ActiveCfg = Release|Any CPU
		{85DA57B6-F996-4E06-93ED-021D9C711C7F}.Release|x86.Build.0 = Release|Any CPU
		{85DA57B6-F996-4E06-93ED-021D9C711C7F}.Verbose_Release|Any CPU.ActiveCfg = Release|Any CPU
		{85DA57B6-F996-4E06-93ED-021D9C711C7F}.Verbose_Release|Any CPU.Build.0 = Release|Any CPU
		{85DA57B6-F996-4E06-93ED-021D9C711C7F}.Verbose_Release|x64.ActiveCfg = Release|Any CPU
		{85DA57B6-F996-4E06-93ED-021D9C711C7F}.Verbose_Release|x64.Build.0 = Release|Any CPU
		{85DA57B6-F996-4E06-93ED-021D9C711C7F}.Verbose_Release|x86.ActiveCfg = Release|Any CPU
		{85DA57B6-F996-4E06-93ED-021D9C711C7F}.Verbose_Release|x86.Build.0 = Release|Any CPU
		{85DA57B6-F996-4E06-93ED-021D9C711C7F}.Verbose|Any CPU.ActiveCfg = Debug|Any CPU
		{85DA57B6-F996-4E06-93ED-021D9C711C7F}.Verbose|Any CPU.Build.0 = Debug|Any CPU
		{85DA57B6-F996-4E06-93ED-021D9C711C7F}.Verbose|x64.ActiveCfg = Debug|Any CPU
		{85DA57B6-F996-4E06-93ED-021D9C711C7F}.Verbose|x64.Build.0 = Debug|Any CPU
		{85DA57B6-F996-4E06-93ED-021D9C711C7F}.Verbose|x86.ActiveCfg = Debug|Any CPU
		{85DA57B6-F996-4E06-93ED-021D9C711C7F}.Verbose|x86.Build.0 = Debug|Any CPU
	EndGlobalSection
	GlobalSection(SolutionProperties) = preSolution
		HideSolutionNode = FALSE
	EndGlobalSection
	GlobalSection(ExtensibilityGlobals) = postSolution
		SolutionGuid = {4EF47C82-18DC-4E9E-A878-8C003FFB303D}
	EndGlobalSection
EndGlobal
