
Microsoft Visual Studio Solution File, Format Version 12.00
# Visual Studio 15
VisualStudioVersion = 15.0.27428.2043
MinimumVisualStudioVersion = 10.0.40219.1
Project("{FAE04EC0-301F-11D3-BF4B-00C04F79EFBC}") = "ManagerGUI", "Manager\ManagerGUI.csproj", "{5297E8BC-3D78-4904-9A81-001A86E02F15}"
	ProjectSection(ProjectDependencies) = postProject
		{F246981C-2700-4C47-9DB2-328C4FA84859} = {F246981C-2700-4C47-9DB2-328C4FA84859}
		{34FBF190-8161-4FBC-87B2-919D3A1C5E74} = {34FBF190-8161-4FBC-87B2-919D3A1C5E74}
		{C3A026A1-38A4-407E-850A-8F30C323B345} = {C3A026A1-38A4-407E-850A-8F30C323B345}
		{62B61CCC-0775-4CF4-B37A-EB5E33CBD08C} = {62B61CCC-0775-4CF4-B37A-EB5E33CBD08C}
		{ECAD4FD9-D7E4-4E49-B2DB-11322276832A} = {ECAD4FD9-D7E4-4E49-B2DB-11322276832A}
	EndProjectSection
EndProject
Project("{FAE04EC0-301F-11D3-BF4B-00C04F79EFBC}") = "ModAPI", "ModAPI\ModAPI.csproj", "{3C99D6BF-A4A9-45DC-BEF1-5717ECE2A687}"
EndProject
Project("{FAE04EC0-301F-11D3-BF4B-00C04F79EFBC}") = "PluginInitializer", "PluginInitializer\PluginInitializer.csproj", "{F246981C-2700-4C47-9DB2-328C4FA84859}"
EndProject
Project("{FAE04EC0-301F-11D3-BF4B-00C04F79EFBC}") = "PluginDebugGUI", "PluginDebugGUI\PluginDebugGUI.csproj", "{ECAD4FD9-D7E4-4E49-B2DB-11322276832A}"
EndProject
Project("{FAE04EC0-301F-11D3-BF4B-00C04F79EFBC}") = "Doorstop", "Doorstop\Doorstop.csproj", "{62B61CCC-0775-4CF4-B37A-EB5E33CBD08C}"
EndProject
Project("{FAE04EC0-301F-11D3-BF4B-00C04F79EFBC}") = "PluginHarmony", "PluginHarmony\PluginHarmony.csproj", "{34FBF190-8161-4FBC-87B2-919D3A1C5E74}"
EndProject
Project("{FAE04EC0-301F-11D3-BF4B-00C04F79EFBC}") = "PluginConsole", "PluginConsole\PluginConsole.csproj", "{C3A026A1-38A4-407E-850A-8F30C323B345}"
EndProject
Global
	GlobalSection(SolutionConfigurationPlatforms) = preSolution
		Debug|Any CPU = Debug|Any CPU
		Debug|x64 = Debug|x64
		Debug|x86 = Debug|x86
		Release|Any CPU = Release|Any CPU
		Release|x64 = Release|x64
		Release|x86 = Release|x86
		Verbose_Release|Any CPU = Verbose_Release|Any CPU
		Verbose_Release|x64 = Verbose_Release|x64
		Verbose_Release|x86 = Verbose_Release|x86
		Verbose|Any CPU = Verbose|Any CPU
		Verbose|x64 = Verbose|x64
		Verbose|x86 = Verbose|x86
	EndGlobalSection
	GlobalSection(ProjectConfigurationPlatforms) = postSolution
		{5297E8BC-3D78-4904-9A81-001A86E02F15}.Debug|Any CPU.ActiveCfg = Debug|Any CPU
		{5297E8BC-3D78-4904-9A81-001A86E02F15}.Debug|Any CPU.Build.0 = Debug|Any CPU
		{5297E8BC-3D78-4904-9A81-001A86E02F15}.Debug|x64.ActiveCfg = Debug|Any CPU
		{5297E8BC-3D78-4904-9A81-001A86E02F15}.Debug|x64.Build.0 = Debug|Any CPU
		{5297E8BC-3D78-4904-9A81-001A86E02F15}.Debug|x86.ActiveCfg = Debug|Any CPU
		{5297E8BC-3D78-4904-9A81-001A86E02F15}.Debug|x86.Build.0 = Debug|Any CPU
		{5297E8BC-3D78-4904-9A81-001A86E02F15}.Release|Any CPU.ActiveCfg = Release|Any CPU
		{5297E8BC-3D78-4904-9A81-001A86E02F15}.Release|Any CPU.Build.0 = Release|Any CPU
		{5297E8BC-3D78-4904-9A81-001A86E02F15}.Release|x64.ActiveCfg = Release|Any CPU
		{5297E8BC-3D78-4904-9A81-001A86E02F15}.Release|x64.Build.0 = Release|Any CPU
		{5297E8BC-3D78-4904-9A81-001A86E02F15}.Release|x86.ActiveCfg = Release|Any CPU
		{5297E8BC-3D78-4904-9A81-001A86E02F15}.Release|x86.Build.0 = Release|Any CPU
		{5297E8BC-3D78-4904-9A81-001A86E02F15}.Verbose_Release|Any CPU.ActiveCfg = Release|Any CPU
		{5297E8BC-3D78-4904-9A81-001A86E02F15}.Verbose_Release|Any CPU.Build.0 = Release|Any CPU
		{5297E8BC-3D78-4904-9A81-001A86E02F15}.Verbose_Release|x64.ActiveCfg = Release|Any CPU
		{5297E8BC-3D78-4904-9A81-001A86E02F15}.Verbose_Release|x64.Build.0 = Release|Any CPU
		{5297E8BC-3D78-4904-9A81-001A86E02F15}.Verbose_Release|x86.ActiveCfg = Release|Any CPU
		{5297E8BC-3D78-4904-9A81-001A86E02F15}.Verbose_Release|x86.Build.0 = Release|Any CPU
		{5297E8BC-3D78-4904-9A81-001A86E02F15}.Verbose|Any CPU.ActiveCfg = Release|Any CPU
		{5297E8BC-3D78-4904-9A81-001A86E02F15}.Verbose|Any CPU.Build.0 = Release|Any CPU
		{5297E8BC-3D78-4904-9A81-001A86E02F15}.Verbose|x64.ActiveCfg = Release|Any CPU
		{5297E8BC-3D78-4904-9A81-001A86E02F15}.Verbose|x64.Build.0 = Release|Any CPU
		{5297E8BC-3D78-4904-9A81-001A86E02F15}.Verbose|x86.ActiveCfg = Release|Any CPU
		{5297E8BC-3D78-4904-9A81-001A86E02F15}.Verbose|x86.Build.0 = Release|Any CPU
		{3C99D6BF-A4A9-45DC-BEF1-5717ECE2A687}.Debug|Any CPU.ActiveCfg = Debug|Any CPU
		{3C99D6BF-A4A9-45DC-BEF1-5717ECE2A687}.Debug|Any CPU.Build.0 = Debug|Any CPU
		{3C99D6BF-A4A9-45DC-BEF1-5717ECE2A687}.Debug|x64.ActiveCfg = Debug|Any CPU
		{3C99D6BF-A4A9-45DC-BEF1-5717ECE2A687}.Debug|x64.Build.0 = Debug|Any CPU
		{3C99D6BF-A4A9-45DC-BEF1-5717ECE2A687}.Debug|x86.ActiveCfg = Debug|Any CPU
		{3C99D6BF-A4A9-45DC-BEF1-5717ECE2A687}.Debug|x86.Build.0 = Debug|Any CPU
		{3C99D6BF-A4A9-45DC-BEF1-5717ECE2A687}.Release|Any CPU.ActiveCfg = Release|Any CPU
		{3C99D6BF-A4A9-45DC-BEF1-5717ECE2A687}.Release|Any CPU.Build.0 = Release|Any CPU
		{3C99D6BF-A4A9-45DC-BEF1-5717ECE2A687}.Release|x64.ActiveCfg = Release|Any CPU
		{3C99D6BF-A4A9-45DC-BEF1-5717ECE2A687}.Release|x64.Build.0 = Release|Any CPU
		{3C99D6BF-A4A9-45DC-BEF1-5717ECE2A687}.Release|x86.ActiveCfg = Release|Any CPU
		{3C99D6BF-A4A9-45DC-BEF1-5717ECE2A687}.Release|x86.Build.0 = Release|Any CPU
		{3C99D6BF-A4A9-45DC-BEF1-5717ECE2A687}.Verbose_Release|Any CPU.ActiveCfg = Release|Any CPU
		{3C99D6BF-A4A9-45DC-BEF1-5717ECE2A687}.Verbose_Release|Any CPU.Build.0 = Release|Any CPU
		{3C99D6BF-A4A9-45DC-BEF1-5717ECE2A687}.Verbose_Release|x64.ActiveCfg = Release|Any CPU
		{3C99D6BF-A4A9-45DC-BEF1-5717ECE2A687}.Verbose_Release|x64.Build.0 = Release|Any CPU
		{3C99D6BF-A4A9-45DC-BEF1-5717ECE2A687}.Verbose_Release|x86.ActiveCfg = Release|Any CPU
		{3C99D6BF-A4A9-45DC-BEF1-5717ECE2A687}.Verbose_Release|x86.Build.0 = Release|Any CPU
		{3C99D6BF-A4A9-45DC-BEF1-5717ECE2A687}.Verbose|Any CPU.ActiveCfg = Release|Any CPU
		{3C99D6BF-A4A9-45DC-BEF1-5717ECE2A687}.Verbose|Any CPU.Build.0 = Release|Any CPU
		{3C99D6BF-A4A9-45DC-BEF1-5717ECE2A687}.Verbose|x64.ActiveCfg = Release|Any CPU
		{3C99D6BF-A4A9-45DC-BEF1-5717ECE2A687}.Verbose|x64.Build.0 = Release|Any CPU
		{3C99D6BF-A4A9-45DC-BEF1-5717ECE2A687}.Verbose|x86.ActiveCfg = Release|Any CPU
		{3C99D6BF-A4A9-45DC-BEF1-5717ECE2A687}.Verbose|x86.Build.0 = Release|Any CPU
		{F246981C-2700-4C47-9DB2-328C4FA84859}.Debug|Any CPU.ActiveCfg = Debug|Any CPU
		{F246981C-2700-4C47-9DB2-328C4FA84859}.Debug|Any CPU.Build.0 = Debug|Any CPU
		{F246981C-2700-4C47-9DB2-328C4FA84859}.Debug|x64.ActiveCfg = Debug|Any CPU
		{F246981C-2700-4C47-9DB2-328C4FA84859}.Debug|x64.Build.0 = Debug|Any CPU
		{F246981C-2700-4C47-9DB2-328C4FA84859}.Debug|x86.ActiveCfg = Debug|Any CPU
		{F246981C-2700-4C47-9DB2-328C4FA84859}.Debug|x86.Build.0 = Debug|Any CPU
		{F246981C-2700-4C47-9DB2-328C4FA84859}.Release|Any CPU.ActiveCfg = Release|Any CPU
		{F246981C-2700-4C47-9DB2-328C4FA84859}.Release|Any CPU.Build.0 = Release|Any CPU
		{F246981C-2700-4C47-9DB2-328C4FA84859}.Release|x64.ActiveCfg = Release|Any CPU
		{F246981C-2700-4C47-9DB2-328C4FA84859}.Release|x64.Build.0 = Release|Any CPU
		{F246981C-2700-4C47-9DB2-328C4FA84859}.Release|x86.ActiveCfg = Release|Any CPU
		{F246981C-2700-4C47-9DB2-328C4FA84859}.Release|x86.Build.0 = Release|Any CPU
		{F246981C-2700-4C47-9DB2-328C4FA84859}.Verbose_Release|Any CPU.ActiveCfg = Release|Any CPU
		{F246981C-2700-4C47-9DB2-328C4FA84859}.Verbose_Release|Any CPU.Build.0 = Release|Any CPU
		{F246981C-2700-4C47-9DB2-328C4FA84859}.Verbose_Release|x64.ActiveCfg = Release|Any CPU
		{F246981C-2700-4C47-9DB2-328C4FA84859}.Verbose_Release|x64.Build.0 = Release|Any CPU
		{F246981C-2700-4C47-9DB2-328C4FA84859}.Verbose_Release|x86.ActiveCfg = Release|Any CPU
		{F246981C-2700-4C47-9DB2-328C4FA84859}.Verbose_Release|x86.Build.0 = Release|Any CPU
		{F246981C-2700-4C47-9DB2-328C4FA84859}.Verbose|Any CPU.ActiveCfg = Release|Any CPU
		{F246981C-2700-4C47-9DB2-328C4FA84859}.Verbose|Any CPU.Build.0 = Release|Any CPU
		{F246981C-2700-4C47-9DB2-328C4FA84859}.Verbose|x64.ActiveCfg = Release|Any CPU
		{F246981C-2700-4C47-9DB2-328C4FA84859}.Verbose|x64.Build.0 = Release|Any CPU
		{F246981C-2700-4C47-9DB2-328C4FA84859}.Verbose|x86.ActiveCfg = Release|Any CPU
		{F246981C-2700-4C47-9DB2-328C4FA84859}.Verbose|x86.Build.0 = Release|Any CPU
		{ECAD4FD9-D7E4-4E49-B2DB-11322276832A}.Debug|Any CPU.ActiveCfg = Debug|Any CPU
		{ECAD4FD9-D7E4-4E49-B2DB-11322276832A}.Debug|Any CPU.Build.0 = Debug|Any CPU
		{ECAD4FD9-D7E4-4E49-B2DB-11322276832A}.Debug|x64.ActiveCfg = Debug|Any CPU
		{ECAD4FD9-D7E4-4E49-B2DB-11322276832A}.Debug|x64.Build.0 = Debug|Any CPU
		{ECAD4FD9-D7E4-4E49-B2DB-11322276832A}.Debug|x86.ActiveCfg = Debug|Any CPU
		{ECAD4FD9-D7E4-4E49-B2DB-11322276832A}.Debug|x86.Build.0 = Debug|Any CPU
		{ECAD4FD9-D7E4-4E49-B2DB-11322276832A}.Release|Any CPU.ActiveCfg = Release|Any CPU
		{ECAD4FD9-D7E4-4E49-B2DB-11322276832A}.Release|Any CPU.Build.0 = Release|Any CPU
		{ECAD4FD9-D7E4-4E49-B2DB-11322276832A}.Release|x64.ActiveCfg = Release|Any CPU
		{ECAD4FD9-D7E4-4E49-B2DB-11322276832A}.Release|x64.Build.0 = Release|Any CPU
		{ECAD4FD9-D7E4-4E49-B2DB-11322276832A}.Release|x86.ActiveCfg = Release|Any CPU
		{ECAD4FD9-D7E4-4E49-B2DB-11322276832A}.Release|x86.Build.0 = Release|Any CPU
		{ECAD4FD9-D7E4-4E49-B2DB-11322276832A}.Verbose_Release|Any CPU.ActiveCfg = Release|Any CPU
		{ECAD4FD9-D7E4-4E49-B2DB-11322276832A}.Verbose_Release|Any CPU.Build.0 = Release|Any CPU
		{ECAD4FD9-D7E4-4E49-B2DB-11322276832A}.Verbose_Release|x64.ActiveCfg = Release|Any CPU
		{ECAD4FD9-D7E4-4E49-B2DB-11322276832A}.Verbose_Release|x64.Build.0 = Release|Any CPU
		{ECAD4FD9-D7E4-4E49-B2DB-11322276832A}.Verbose_Release|x86.ActiveCfg = Release|Any CPU
		{ECAD4FD9-D7E4-4E49-B2DB-11322276832A}.Verbose_Release|x86.Build.0 = Release|Any CPU
		{ECAD4FD9-D7E4-4E49-B2DB-11322276832A}.Verbose|Any CPU.ActiveCfg = Release|Any CPU
		{ECAD4FD9-D7E4-4E49-B2DB-11322276832A}.Verbose|Any CPU.Build.0 = Release|Any CPU
		{ECAD4FD9-D7E4-4E49-B2DB-11322276832A}.Verbose|x64.ActiveCfg = Release|Any CPU
		{ECAD4FD9-D7E4-4E49-B2DB-11322276832A}.Verbose|x64.Build.0 = Release|Any CPU
		{ECAD4FD9-D7E4-4E49-B2DB-11322276832A}.Verbose|x86.ActiveCfg = Release|Any CPU
		{ECAD4FD9-D7E4-4E49-B2DB-11322276832A}.Verbose|x86.Build.0 = Release|Any CPU
		{62B61CCC-0775-4CF4-B37A-EB5E33CBD08C}.Debug|Any CPU.ActiveCfg = Debug|Any CPU
		{62B61CCC-0775-4CF4-B37A-EB5E33CBD08C}.Debug|Any CPU.Build.0 = Debug|Any CPU
		{62B61CCC-0775-4CF4-B37A-EB5E33CBD08C}.Debug|x64.ActiveCfg = Debug|Any CPU
		{62B61CCC-0775-4CF4-B37A-EB5E33CBD08C}.Debug|x64.Build.0 = Debug|Any CPU
		{62B61CCC-0775-4CF4-B37A-EB5E33CBD08C}.Debug|x86.ActiveCfg = Debug|Any CPU
		{62B61CCC-0775-4CF4-B37A-EB5E33CBD08C}.Debug|x86.Build.0 = Debug|Any CPU
		{62B61CCC-0775-4CF4-B37A-EB5E33CBD08C}.Release|Any CPU.ActiveCfg = Release|Any CPU
		{62B61CCC-0775-4CF4-B37A-EB5E33CBD08C}.Release|Any CPU.Build.0 = Release|Any CPU
		{62B61CCC-0775-4CF4-B37A-EB5E33CBD08C}.Release|x64.ActiveCfg = Release|Any CPU
		{62B61CCC-0775-4CF4-B37A-EB5E33CBD08C}.Release|x64.Build.0 = Release|Any CPU
		{62B61CCC-0775-4CF4-B37A-EB5E33CBD08C}.Release|x86.ActiveCfg = Release|Any CPU
		{62B61CCC-0775-4CF4-B37A-EB5E33CBD08C}.Release|x86.Build.0 = Release|Any CPU
		{62B61CCC-0775-4CF4-B37A-EB5E33CBD08C}.Verbose_Release|Any CPU.ActiveCfg = Verbose_Release|Any CPU
		{62B61CCC-0775-4CF4-B37A-EB5E33CBD08C}.Verbose_Release|Any CPU.Build.0 = Verbose_Release|Any CPU
		{62B61CCC-0775-4CF4-B37A-EB5E33CBD08C}.Verbose_Release|x64.ActiveCfg = Verbose_Release|Any CPU
		{62B61CCC-0775-4CF4-B37A-EB5E33CBD08C}.Verbose_Release|x64.Build.0 = Verbose_Release|Any CPU
		{62B61CCC-0775-4CF4-B37A-EB5E33CBD08C}.Verbose_Release|x86.ActiveCfg = Verbose_Release|Any CPU
		{62B61CCC-0775-4CF4-B37A-EB5E33CBD08C}.Verbose_Release|x86.Build.0 = Verbose_Release|Any CPU
		{62B61CCC-0775-4CF4-B37A-EB5E33CBD08C}.Verbose|Any CPU.ActiveCfg = Verbose|Any CPU
		{62B61CCC-0775-4CF4-B37A-EB5E33CBD08C}.Verbose|Any CPU.Build.0 = Verbose|Any CPU
		{62B61CCC-0775-4CF4-B37A-EB5E33CBD08C}.Verbose|x64.ActiveCfg = Verbose|Any CPU
		{62B61CCC-0775-4CF4-B37A-EB5E33CBD08C}.Verbose|x64.Build.0 = Verbose|Any CPU
		{62B61CCC-0775-4CF4-B37A-EB5E33CBD08C}.Verbose|x86.ActiveCfg = Verbose|Any CPU
		{62B61CCC-0775-4CF4-B37A-EB5E33CBD08C}.Verbose|x86.Build.0 = Verbose|Any CPU
		{34FBF190-8161-4FBC-87B2-919D3A1C5E74}.Debug|Any CPU.ActiveCfg = Debug|Any CPU
		{34FBF190-8161-4FBC-87B2-919D3A1C5E74}.Debug|Any CPU.Build.0 = Debug|Any CPU
		{34FBF190-8161-4FBC-87B2-919D3A1C5E74}.Debug|x64.ActiveCfg = Debug|Any CPU
		{34FBF190-8161-4FBC-87B2-919D3A1C5E74}.Debug|x64.Build.0 = Debug|Any CPU
		{34FBF190-8161-4FBC-87B2-919D3A1C5E74}.Debug|x86.ActiveCfg = Debug|Any CPU
		{34FBF190-8161-4FBC-87B2-919D3A1C5E74}.Debug|x86.Build.0 = Debug|Any CPU
		{34FBF190-8161-4FBC-87B2-919D3A1C5E74}.Release|Any CPU.ActiveCfg = Release|Any CPU
		{34FBF190-8161-4FBC-87B2-919D3A1C5E74}.Release|Any CPU.Build.0 = Release|Any CPU
		{34FBF190-8161-4FBC-87B2-919D3A1C5E74}.Release|x64.ActiveCfg = Release|Any CPU
		{34FBF190-8161-4FBC-87B2-919D3A1C5E74}.Release|x64.Build.0 = Release|Any CPU
		{34FBF190-8161-4FBC-87B2-919D3A1C5E74}.Release|x86.ActiveCfg = Release|Any CPU
		{34FBF190-8161-4FBC-87B2-919D3A1C5E74}.Release|x86.Build.0 = Release|Any CPU
		{34FBF190-8161-4FBC-87B2-919D3A1C5E74}.Verbose_Release|Any CPU.ActiveCfg = Release|Any CPU
		{34FBF190-8161-4FBC-87B2-919D3A1C5E74}.Verbose_Release|Any CPU.Build.0 = Release|Any CPU
		{34FBF190-8161-4FBC-87B2-919D3A1C5E74}.Verbose_Release|x64.ActiveCfg = Release|Any CPU
		{34FBF190-8161-4FBC-87B2-919D3A1C5E74}.Verbose_Release|x64.Build.0 = Release|Any CPU
		{34FBF190-8161-4FBC-87B2-919D3A1C5E74}.Verbose_Release|x86.ActiveCfg = Release|Any CPU
		{34FBF190-8161-4FBC-87B2-919D3A1C5E74}.Verbose_Release|x86.Build.0 = Release|Any CPU
		{34FBF190-8161-4FBC-87B2-919D3A1C5E74}.Verbose|Any CPU.ActiveCfg = Release|Any CPU
		{34FBF190-8161-4FBC-87B2-919D3A1C5E74}.Verbose|Any CPU.Build.0 = Release|Any CPU
		{34FBF190-8161-4FBC-87B2-919D3A1C5E74}.Verbose|x64.ActiveCfg = Release|Any CPU
		{34FBF190-8161-4FBC-87B2-919D3A1C5E74}.Verbose|x64.Build.0 = Release|Any CPU
		{34FBF190-8161-4FBC-87B2-919D3A1C5E74}.Verbose|x86.ActiveCfg = Release|Any CPU
		{34FBF190-8161-4FBC-87B2-919D3A1C5E74}.Verbose|x86.Build.0 = Release|Any CPU
		{C3A026A1-38A4-407E-850A-8F30C323B345}.Debug|Any CPU.ActiveCfg = Debug|Any CPU
		{C3A026A1-38A4-407E-850A-8F30C323B345}.Debug|Any CPU.Build.0 = Debug|Any CPU
		{C3A026A1-38A4-407E-850A-8F30C323B345}.Debug|x64.ActiveCfg = Debug|Any CPU
		{C3A026A1-38A4-407E-850A-8F30C323B345}.Debug|x64.Build.0 = Debug|Any CPU
		{C3A026A1-38A4-407E-850A-8F30C323B345}.Debug|x86.ActiveCfg = Debug|Any CPU
		{C3A026A1-38A4-407E-850A-8F30C323B345}.Debug|x86.Build.0 = Debug|Any CPU
		{C3A026A1-38A4-407E-850A-8F30C323B345}.Release|Any CPU.ActiveCfg = Release|Any CPU
		{C3A026A1-38A4-407E-850A-8F30C323B345}.Release|Any CPU.Build.0 = Release|Any CPU
		{C3A026A1-38A4-407E-850A-8F30C323B345}.Release|x64.ActiveCfg = Release|Any CPU
		{C3A026A1-38A4-407E-850A-8F30C323B345}.Release|x64.Build.0 = Release|Any CPU
		{C3A026A1-38A4-407E-850A-8F30C323B345}.Release|x86.ActiveCfg = Release|Any CPU
		{C3A026A1-38A4-407E-850A-8F30C323B345}.Release|x86.Build.0 = Release|Any CPU
		{C3A026A1-38A4-407E-850A-8F30C323B345}.Verbose_Release|Any CPU.ActiveCfg = Release|Any CPU
		{C3A026A1-38A4-407E-850A-8F30C323B345}.Verbose_Release|Any CPU.Build.0 = Release|Any CPU
		{C3A026A1-38A4-407E-850A-8F30C323B345}.Verbose_Release|x64.ActiveCfg = Release|Any CPU
		{C3A026A1-38A4-407E-850A-8F30C323B345}.Verbose_Release|x64.Build.0 = Release|Any CPU
		{C3A026A1-38A4-407E-850A-8F30C323B345}.Verbose_Release|x86.ActiveCfg = Release|Any CPU
		{C3A026A1-38A4-407E-850A-8F30C323B345}.Verbose_Release|x86.Build.0 = Release|Any CPU
		{C3A026A1-38A4-407E-850A-8F30C323B345}.Verbose|Any CPU.ActiveCfg = Release|Any CPU
		{C3A026A1-38A4-407E-850A-8F30C323B345}.Verbose|Any CPU.Build.0 = Release|Any CPU
		{C3A026A1-38A4-407E-850A-8F30C323B345}.Verbose|x64.ActiveCfg = Release|Any CPU
		{C3A026A1-38A4-407E-850A-8F30C323B345}.Verbose|x64.Build.0 = Release|Any CPU
		{C3A026A1-38A4-407E-850A-8F30C323B345}.Verbose|x86.ActiveCfg = Release|Any CPU
		{C3A026A1-38A4-407E-850A-8F30C323B345}.Verbose|x86.Build.0 = Release|Any CPU
	EndGlobalSection
	GlobalSection(SolutionProperties) = preSolution
		HideSolutionNode = FALSE
	EndGlobalSection
	GlobalSection(ExtensibilityGlobals) = postSolution
		SolutionGuid = {4EF47C82-18DC-4E9E-A878-8C003FFB303D}
	EndGlobalSection
EndGlobal
